
Microsoft Visual Studio Solution File, Format Version 12.00
# Visual Studio 14
VisualStudioVersion = 14.0.22310.1
MinimumVisualStudioVersion = 10.0.40219.1
Project("{2150E333-8FDC-42A3-9474-1A3956D46DE8}") = "src", "src", "{E4C50B66-DA28-47E6-9A2F-9A7E2DF7539F}"
EndProject
Project("{8BB2217D-0F2D-49D1-97BC-3654ED321F3B}") = "HelloAspNet5.ClassLib", "src\HelloAspNet5.ClassLib\HelloAspNet5.ClassLib.kproj", "{A68E76B7-C4D7-47C2-8946-55DF8BAE7093}"
EndProject
Project("{2150E333-8FDC-42A3-9474-1A3956D46DE8}") = "Solution Items", "Solution Items", "{C8DED4DC-C956-4665-9C0E-68CD8ED2F8BF}"
	ProjectSection(SolutionItems) = preProject
		global.json = global.json
		ReadMe.md = ReadMe.md
	EndProjectSection
EndProject
Project("{8BB2217D-0F2D-49D1-97BC-3654ED321F3B}") = "HelloAspNet5.ConsoleApp", "src\HelloAspNet5.ConsoleApp\HelloAspNet5.ConsoleApp.kproj", "{3A413DAF-EF48-41B2-9841-E76D499D50D7}"
EndProject
Project("{8BB2217D-0F2D-49D1-97BC-3654ED321F3B}") = "HelloAspNet5.Web", "src\HelloAspNet5.Web\HelloAspNet5.Web.kproj", "{B7F58EE7-27B2-46CA-9861-38941B7A0E25}"
EndProject
Project("{8BB2217D-0F2D-49D1-97BC-3654ED321F3B}") = "HelloAspNet5.Web.Data", "src\HelloAspNet5.Web.Data\HelloAspNet5.Web.Data.kproj", "{74C7CE7D-05C6-42AC-9331-8B9F7ED44FA8}"
EndProject
Project("{8BB2217D-0F2D-49D1-97BC-3654ED321F3B}") = "HelloAspNet5.Web.Entities", "src\HelloAspNet5.Web.Entities\HelloAspNet5.Web.Entities.kproj", "{CE503F38-35AA-44C9-AFB0-0D3A5C901FB0}"
EndProject
Project("{FAE04EC0-301F-11D3-BF4B-00C04F79EFBC}") = "HelloAspNet5.Client.Entities", "src\HelloAspNet5.Client.Entities\HelloAspNet5.Client.Entities.csproj", "{BD6075E7-3351-4D9C-ADA5-FED7C77A4930}"
EndProject
Project("{2150E333-8FDC-42A3-9474-1A3956D46DE8}") = "Other", "Other", "{54BC3162-83F6-42C1-B86D-5F2E6A8809BF}"
EndProject
Project("{8BB2217D-0F2D-49D1-97BC-3654ED321F3B}") = "HelloAspNet5.Web.Helpers", "src\HelloAspNet5.Web.Helpers\HelloAspNet5.Web.Helpers.kproj", "{3994830C-D303-474B-A54E-C2403BE54F1B}"
EndProject
Global
	GlobalSection(SolutionConfigurationPlatforms) = preSolution
		Debug|Any CPU = Debug|Any CPU
		Release|Any CPU = Release|Any CPU
	EndGlobalSection
	GlobalSection(ProjectConfigurationPlatforms) = postSolution
		{A68E76B7-C4D7-47C2-8946-55DF8BAE7093}.Debug|Any CPU.ActiveCfg = Debug|Any CPU
		{A68E76B7-C4D7-47C2-8946-55DF8BAE7093}.Debug|Any CPU.Build.0 = Debug|Any CPU
		{A68E76B7-C4D7-47C2-8946-55DF8BAE7093}.Release|Any CPU.ActiveCfg = Release|Any CPU
		{A68E76B7-C4D7-47C2-8946-55DF8BAE7093}.Release|Any CPU.Build.0 = Release|Any CPU
		{3A413DAF-EF48-41B2-9841-E76D499D50D7}.Debug|Any CPU.ActiveCfg = Debug|Any CPU
		{3A413DAF-EF48-41B2-9841-E76D499D50D7}.Debug|Any CPU.Build.0 = Debug|Any CPU
		{3A413DAF-EF48-41B2-9841-E76D499D50D7}.Release|Any CPU.ActiveCfg = Release|Any CPU
		{3A413DAF-EF48-41B2-9841-E76D499D50D7}.Release|Any CPU.Build.0 = Release|Any CPU
		{B7F58EE7-27B2-46CA-9861-38941B7A0E25}.Debug|Any CPU.ActiveCfg = Debug|Any CPU
		{B7F58EE7-27B2-46CA-9861-38941B7A0E25}.Debug|Any CPU.Build.0 = Debug|Any CPU
		{B7F58EE7-27B2-46CA-9861-38941B7A0E25}.Release|Any CPU.ActiveCfg = Release|Any CPU
		{B7F58EE7-27B2-46CA-9861-38941B7A0E25}.Release|Any CPU.Build.0 = Release|Any CPU
		{74C7CE7D-05C6-42AC-9331-8B9F7ED44FA8}.Debug|Any CPU.ActiveCfg = Debug|Any CPU
		{74C7CE7D-05C6-42AC-9331-8B9F7ED44FA8}.Debug|Any CPU.Build.0 = Debug|Any CPU
		{74C7CE7D-05C6-42AC-9331-8B9F7ED44FA8}.Release|Any CPU.ActiveCfg = Release|Any CPU
		{74C7CE7D-05C6-42AC-9331-8B9F7ED44FA8}.Release|Any CPU.Build.0 = Release|Any CPU
		{CE503F38-35AA-44C9-AFB0-0D3A5C901FB0}.Debug|Any CPU.ActiveCfg = Debug|Any CPU
		{CE503F38-35AA-44C9-AFB0-0D3A5C901FB0}.Debug|Any CPU.Build.0 = Debug|Any CPU
		{CE503F38-35AA-44C9-AFB0-0D3A5C901FB0}.Release|Any CPU.ActiveCfg = Release|Any CPU
		{CE503F38-35AA-44C9-AFB0-0D3A5C901FB0}.Release|Any CPU.Build.0 = Release|Any CPU
		{BD6075E7-3351-4D9C-ADA5-FED7C77A4930}.Debug|Any CPU.ActiveCfg = Debug|Any CPU
		{BD6075E7-3351-4D9C-ADA5-FED7C77A4930}.Debug|Any CPU.Build.0 = Debug|Any CPU
		{BD6075E7-3351-4D9C-ADA5-FED7C77A4930}.Release|Any CPU.ActiveCfg = Release|Any CPU
		{BD6075E7-3351-4D9C-ADA5-FED7C77A4930}.Release|Any CPU.Build.0 = Release|Any CPU
		{3994830C-D303-474B-A54E-C2403BE54F1B}.Debug|Any CPU.ActiveCfg = Debug|Any CPU
		{3994830C-D303-474B-A54E-C2403BE54F1B}.Debug|Any CPU.Build.0 = Debug|Any CPU
		{3994830C-D303-474B-A54E-C2403BE54F1B}.Release|Any CPU.ActiveCfg = Release|Any CPU
		{3994830C-D303-474B-A54E-C2403BE54F1B}.Release|Any CPU.Build.0 = Release|Any CPU
	EndGlobalSection
	GlobalSection(SolutionProperties) = preSolution
		HideSolutionNode = FALSE
	EndGlobalSection
	GlobalSection(NestedProjects) = preSolution
		{A68E76B7-C4D7-47C2-8946-55DF8BAE7093} = {54BC3162-83F6-42C1-B86D-5F2E6A8809BF}
		{3A413DAF-EF48-41B2-9841-E76D499D50D7} = {54BC3162-83F6-42C1-B86D-5F2E6A8809BF}
		{B7F58EE7-27B2-46CA-9861-38941B7A0E25} = {E4C50B66-DA28-47E6-9A2F-9A7E2DF7539F}
		{74C7CE7D-05C6-42AC-9331-8B9F7ED44FA8} = {E4C50B66-DA28-47E6-9A2F-9A7E2DF7539F}
		{CE503F38-35AA-44C9-AFB0-0D3A5C901FB0} = {E4C50B66-DA28-47E6-9A2F-9A7E2DF7539F}
		{BD6075E7-3351-4D9C-ADA5-FED7C77A4930} = {E4C50B66-DA28-47E6-9A2F-9A7E2DF7539F}
		{54BC3162-83F6-42C1-B86D-5F2E6A8809BF} = {E4C50B66-DA28-47E6-9A2F-9A7E2DF7539F}
		{3994830C-D303-474B-A54E-C2403BE54F1B} = {E4C50B66-DA28-47E6-9A2F-9A7E2DF7539F}
	EndGlobalSection
EndGlobal
