
Microsoft Visual Studio Solution File, Format Version 12.00
# Visual Studio 2013
VisualStudioVersion = 12.0.31101.0
MinimumVisualStudioVersion = 10.0.40219.1
Project("{FAE04EC0-301F-11D3-BF4B-00C04F79EFBC}") = "PortableClassLibrary1", "PortableClassLibrary1\PortableClassLibrary1.csproj", "{0679A8BF-7E9E-479F-939C-33DC5E00D903}"
EndProject
Project("{FAE04EC0-301F-11D3-BF4B-00C04F79EFBC}") = "SilverlightClassLibrary1", "SilverlightClassLibrary1\SilverlightClassLibrary1.csproj", "{7B485A41-666A-42ED-94BD-FA1E42F6CB28}"
EndProject
Project("{FAE04EC0-301F-11D3-BF4B-00C04F79EFBC}") = "Net45ClassLibrary1", "Net45ClassLibrary1\Net45ClassLibrary1.csproj", "{60B6658A-E2D5-4C14-8CF0-C2729DCDE612}"
EndProject
Project("{FAE04EC0-301F-11D3-BF4B-00C04F79EFBC}") = "App1", "App1\App1.csproj", "{12BBB515-ECD9-4EC7-82DE-7E66D92CA0E1}"
EndProject
Project("{FAE04EC0-301F-11D3-BF4B-00C04F79EFBC}") = "App2", "App2\App2.csproj", "{2D77767D-164F-46AA-8FED-4A880B6A7A86}"
EndProject
Project("{D954291E-2A0B-460D-934E-DC6B0785DB48}") = "App3.Shared", "App3\App3.Shared\App3.Shared.shproj", "{11290168-CD04-4390-B195-E044430D9EB7}"
EndProject
Project("{2150E333-8FDC-42A3-9474-1A3956D46DE8}") = "App3", "App3", "{57E544B9-778C-4E79-8C6E-3D717482852F}"
EndProject
Project("{FAE04EC0-301F-11D3-BF4B-00C04F79EFBC}") = "App3.Windows", "App3\App3.Windows\App3.Windows.csproj", "{6B20CC09-BA2F-412E-AB8F-15C7EC3506F0}"
EndProject
Project("{FAE04EC0-301F-11D3-BF4B-00C04F79EFBC}") = "App3.WindowsPhone", "App3\App3.WindowsPhone\App3.WindowsPhone.csproj", "{C7A70974-781F-4EC7-9E23-28A129D82296}"
EndProject
Global
	GlobalSection(SharedMSBuildProjectFiles) = preSolution
		App3\App3.Shared\App3.Shared.projitems*{c7a70974-781f-4ec7-9e23-28a129d82296}*SharedItemsImports = 4
		App3\App3.Shared\App3.Shared.projitems*{6b20cc09-ba2f-412e-ab8f-15c7ec3506f0}*SharedItemsImports = 4
		App3\App3.Shared\App3.Shared.projitems*{11290168-cd04-4390-b195-e044430d9eb7}*SharedItemsImports = 13
	EndGlobalSection
	GlobalSection(SolutionConfigurationPlatforms) = preSolution
		Debug|Any CPU = Debug|Any CPU
		Debug|ARM = Debug|ARM
		Debug|x64 = Debug|x64
		Debug|x86 = Debug|x86
		Release|Any CPU = Release|Any CPU
		Release|ARM = Release|ARM
		Release|x64 = Release|x64
		Release|x86 = Release|x86
	EndGlobalSection
	GlobalSection(ProjectConfigurationPlatforms) = postSolution
		{0679A8BF-7E9E-479F-939C-33DC5E00D903}.Debug|Any CPU.ActiveCfg = Debug|Any CPU
		{0679A8BF-7E9E-479F-939C-33DC5E00D903}.Debug|Any CPU.Build.0 = Debug|Any CPU
		{0679A8BF-7E9E-479F-939C-33DC5E00D903}.Debug|ARM.ActiveCfg = Debug|Any CPU
		{0679A8BF-7E9E-479F-939C-33DC5E00D903}.Debug|x64.ActiveCfg = Debug|Any CPU
		{0679A8BF-7E9E-479F-939C-33DC5E00D903}.Debug|x86.ActiveCfg = Debug|Any CPU
		{0679A8BF-7E9E-479F-939C-33DC5E00D903}.Release|Any CPU.ActiveCfg = Release|Any CPU
		{0679A8BF-7E9E-479F-939C-33DC5E00D903}.Release|Any CPU.Build.0 = Release|Any CPU
		{0679A8BF-7E9E-479F-939C-33DC5E00D903}.Release|ARM.ActiveCfg = Release|Any CPU
		{0679A8BF-7E9E-479F-939C-33DC5E00D903}.Release|x64.ActiveCfg = Release|Any CPU
		{0679A8BF-7E9E-479F-939C-33DC5E00D903}.Release|x86.ActiveCfg = Release|Any CPU
		{7B485A41-666A-42ED-94BD-FA1E42F6CB28}.Debug|Any CPU.ActiveCfg = Debug|Any CPU
		{7B485A41-666A-42ED-94BD-FA1E42F6CB28}.Debug|Any CPU.Build.0 = Debug|Any CPU
		{7B485A41-666A-42ED-94BD-FA1E42F6CB28}.Debug|ARM.ActiveCfg = Debug|Any CPU
		{7B485A41-666A-42ED-94BD-FA1E42F6CB28}.Debug|x64.ActiveCfg = Debug|Any CPU
		{7B485A41-666A-42ED-94BD-FA1E42F6CB28}.Debug|x86.ActiveCfg = Debug|Any CPU
		{7B485A41-666A-42ED-94BD-FA1E42F6CB28}.Release|Any CPU.ActiveCfg = Release|Any CPU
		{7B485A41-666A-42ED-94BD-FA1E42F6CB28}.Release|Any CPU.Build.0 = Release|Any CPU
		{7B485A41-666A-42ED-94BD-FA1E42F6CB28}.Release|ARM.ActiveCfg = Release|Any CPU
		{7B485A41-666A-42ED-94BD-FA1E42F6CB28}.Release|x64.ActiveCfg = Release|Any CPU
		{7B485A41-666A-42ED-94BD-FA1E42F6CB28}.Release|x86.ActiveCfg = Release|Any CPU
		{60B6658A-E2D5-4C14-8CF0-C2729DCDE612}.Debug|Any CPU.ActiveCfg = Debug|Any CPU
		{60B6658A-E2D5-4C14-8CF0-C2729DCDE612}.Debug|Any CPU.Build.0 = Debug|Any CPU
		{60B6658A-E2D5-4C14-8CF0-C2729DCDE612}.Debug|ARM.ActiveCfg = Debug|Any CPU
		{60B6658A-E2D5-4C14-8CF0-C2729DCDE612}.Debug|x64.ActiveCfg = Debug|Any CPU
		{60B6658A-E2D5-4C14-8CF0-C2729DCDE612}.Debug|x86.ActiveCfg = Debug|Any CPU
		{60B6658A-E2D5-4C14-8CF0-C2729DCDE612}.Release|Any CPU.ActiveCfg = Release|Any CPU
		{60B6658A-E2D5-4C14-8CF0-C2729DCDE612}.Release|Any CPU.Build.0 = Release|Any CPU
		{60B6658A-E2D5-4C14-8CF0-C2729DCDE612}.Release|ARM.ActiveCfg = Release|Any CPU
		{60B6658A-E2D5-4C14-8CF0-C2729DCDE612}.Release|x64.ActiveCfg = Release|Any CPU
		{60B6658A-E2D5-4C14-8CF0-C2729DCDE612}.Release|x86.ActiveCfg = Release|Any CPU
		{12BBB515-ECD9-4EC7-82DE-7E66D92CA0E1}.Debug|Any CPU.ActiveCfg = Debug|Any CPU
		{12BBB515-ECD9-4EC7-82DE-7E66D92CA0E1}.Debug|Any CPU.Build.0 = Debug|Any CPU
		{12BBB515-ECD9-4EC7-82DE-7E66D92CA0E1}.Debug|Any CPU.Deploy.0 = Debug|Any CPU
		{12BBB515-ECD9-4EC7-82DE-7E66D92CA0E1}.Debug|ARM.ActiveCfg = Debug|ARM
		{12BBB515-ECD9-4EC7-82DE-7E66D92CA0E1}.Debug|ARM.Build.0 = Debug|ARM
		{12BBB515-ECD9-4EC7-82DE-7E66D92CA0E1}.Debug|ARM.Deploy.0 = Debug|ARM
		{12BBB515-ECD9-4EC7-82DE-7E66D92CA0E1}.Debug|x64.ActiveCfg = Debug|Any CPU
		{12BBB515-ECD9-4EC7-82DE-7E66D92CA0E1}.Debug|x86.ActiveCfg = Debug|x86
		{12BBB515-ECD9-4EC7-82DE-7E66D92CA0E1}.Debug|x86.Build.0 = Debug|x86
		{12BBB515-ECD9-4EC7-82DE-7E66D92CA0E1}.Debug|x86.Deploy.0 = Debug|x86
		{12BBB515-ECD9-4EC7-82DE-7E66D92CA0E1}.Release|Any CPU.ActiveCfg = Release|Any CPU
		{12BBB515-ECD9-4EC7-82DE-7E66D92CA0E1}.Release|Any CPU.Build.0 = Release|Any CPU
		{12BBB515-ECD9-4EC7-82DE-7E66D92CA0E1}.Release|Any CPU.Deploy.0 = Release|Any CPU
		{12BBB515-ECD9-4EC7-82DE-7E66D92CA0E1}.Release|ARM.ActiveCfg = Release|ARM
		{12BBB515-ECD9-4EC7-82DE-7E66D92CA0E1}.Release|ARM.Build.0 = Release|ARM
		{12BBB515-ECD9-4EC7-82DE-7E66D92CA0E1}.Release|ARM.Deploy.0 = Release|ARM
		{12BBB515-ECD9-4EC7-82DE-7E66D92CA0E1}.Release|x64.ActiveCfg = Release|Any CPU
		{12BBB515-ECD9-4EC7-82DE-7E66D92CA0E1}.Release|x86.ActiveCfg = Release|x86
		{12BBB515-ECD9-4EC7-82DE-7E66D92CA0E1}.Release|x86.Build.0 = Release|x86
		{12BBB515-ECD9-4EC7-82DE-7E66D92CA0E1}.Release|x86.Deploy.0 = Release|x86
		{2D77767D-164F-46AA-8FED-4A880B6A7A86}.Debug|Any CPU.ActiveCfg = Debug|Any CPU
		{2D77767D-164F-46AA-8FED-4A880B6A7A86}.Debug|Any CPU.Build.0 = Debug|Any CPU
		{2D77767D-164F-46AA-8FED-4A880B6A7A86}.Debug|Any CPU.Deploy.0 = Debug|Any CPU
		{2D77767D-164F-46AA-8FED-4A880B6A7A86}.Debug|ARM.ActiveCfg = Debug|ARM
		{2D77767D-164F-46AA-8FED-4A880B6A7A86}.Debug|ARM.Build.0 = Debug|ARM
		{2D77767D-164F-46AA-8FED-4A880B6A7A86}.Debug|ARM.Deploy.0 = Debug|ARM
		{2D77767D-164F-46AA-8FED-4A880B6A7A86}.Debug|x64.ActiveCfg = Debug|x64
		{2D77767D-164F-46AA-8FED-4A880B6A7A86}.Debug|x64.Build.0 = Debug|x64
		{2D77767D-164F-46AA-8FED-4A880B6A7A86}.Debug|x64.Deploy.0 = Debug|x64
		{2D77767D-164F-46AA-8FED-4A880B6A7A86}.Debug|x86.ActiveCfg = Debug|x86
		{2D77767D-164F-46AA-8FED-4A880B6A7A86}.Debug|x86.Build.0 = Debug|x86
		{2D77767D-164F-46AA-8FED-4A880B6A7A86}.Debug|x86.Deploy.0 = Debug|x86
		{2D77767D-164F-46AA-8FED-4A880B6A7A86}.Release|Any CPU.ActiveCfg = Release|Any CPU
		{2D77767D-164F-46AA-8FED-4A880B6A7A86}.Release|Any CPU.Build.0 = Release|Any CPU
		{2D77767D-164F-46AA-8FED-4A880B6A7A86}.Release|Any CPU.Deploy.0 = Release|Any CPU
		{2D77767D-164F-46AA-8FED-4A880B6A7A86}.Release|ARM.ActiveCfg = Release|ARM
		{2D77767D-164F-46AA-8FED-4A880B6A7A86}.Release|ARM.Build.0 = Release|ARM
		{2D77767D-164F-46AA-8FED-4A880B6A7A86}.Release|ARM.Deploy.0 = Release|ARM
		{2D77767D-164F-46AA-8FED-4A880B6A7A86}.Release|x64.ActiveCfg = Release|x64
		{2D77767D-164F-46AA-8FED-4A880B6A7A86}.Release|x64.Build.0 = Release|x64
		{2D77767D-164F-46AA-8FED-4A880B6A7A86}.Release|x64.Deploy.0 = Release|x64
		{2D77767D-164F-46AA-8FED-4A880B6A7A86}.Release|x86.ActiveCfg = Release|x86
		{2D77767D-164F-46AA-8FED-4A880B6A7A86}.Release|x86.Build.0 = Release|x86
		{2D77767D-164F-46AA-8FED-4A880B6A7A86}.Release|x86.Deploy.0 = Release|x86
		{6B20CC09-BA2F-412E-AB8F-15C7EC3506F0}.Debug|Any CPU.ActiveCfg = Debug|Any CPU
		{6B20CC09-BA2F-412E-AB8F-15C7EC3506F0}.Debug|Any CPU.Build.0 = Debug|Any CPU
		{6B20CC09-BA2F-412E-AB8F-15C7EC3506F0}.Debug|Any CPU.Deploy.0 = Debug|Any CPU
		{6B20CC09-BA2F-412E-AB8F-15C7EC3506F0}.Debug|ARM.ActiveCfg = Debug|ARM
		{6B20CC09-BA2F-412E-AB8F-15C7EC3506F0}.Debug|ARM.Build.0 = Debug|ARM
		{6B20CC09-BA2F-412E-AB8F-15C7EC3506F0}.Debug|ARM.Deploy.0 = Debug|ARM
		{6B20CC09-BA2F-412E-AB8F-15C7EC3506F0}.Debug|x64.ActiveCfg = Debug|x64
		{6B20CC09-BA2F-412E-AB8F-15C7EC3506F0}.Debug|x64.Build.0 = Debug|x64
		{6B20CC09-BA2F-412E-AB8F-15C7EC3506F0}.Debug|x64.Deploy.0 = Debug|x64
		{6B20CC09-BA2F-412E-AB8F-15C7EC3506F0}.Debug|x86.ActiveCfg = Debug|x86
		{6B20CC09-BA2F-412E-AB8F-15C7EC3506F0}.Debug|x86.Build.0 = Debug|x86
		{6B20CC09-BA2F-412E-AB8F-15C7EC3506F0}.Debug|x86.Deploy.0 = Debug|x86
		{6B20CC09-BA2F-412E-AB8F-15C7EC3506F0}.Release|Any CPU.ActiveCfg = Release|Any CPU
		{6B20CC09-BA2F-412E-AB8F-15C7EC3506F0}.Release|Any CPU.Build.0 = Release|Any CPU
		{6B20CC09-BA2F-412E-AB8F-15C7EC3506F0}.Release|Any CPU.Deploy.0 = Release|Any CPU
		{6B20CC09-BA2F-412E-AB8F-15C7EC3506F0}.Release|ARM.ActiveCfg = Release|ARM
		{6B20CC09-BA2F-412E-AB8F-15C7EC3506F0}.Release|ARM.Build.0 = Release|ARM
		{6B20CC09-BA2F-412E-AB8F-15C7EC3506F0}.Release|ARM.Deploy.0 = Release|ARM
		{6B20CC09-BA2F-412E-AB8F-15C7EC3506F0}.Release|x64.ActiveCfg = Release|x64
		{6B20CC09-BA2F-412E-AB8F-15C7EC3506F0}.Release|x64.Build.0 = Release|x64
		{6B20CC09-BA2F-412E-AB8F-15C7EC3506F0}.Release|x64.Deploy.0 = Release|x64
		{6B20CC09-BA2F-412E-AB8F-15C7EC3506F0}.Release|x86.ActiveCfg = Release|x86
		{6B20CC09-BA2F-412E-AB8F-15C7EC3506F0}.Release|x86.Build.0 = Release|x86
		{6B20CC09-BA2F-412E-AB8F-15C7EC3506F0}.Release|x86.Deploy.0 = Release|x86
		{C7A70974-781F-4EC7-9E23-28A129D82296}.Debug|Any CPU.ActiveCfg = Debug|Any CPU
		{C7A70974-781F-4EC7-9E23-28A129D82296}.Debug|Any CPU.Build.0 = Debug|Any CPU
		{C7A70974-781F-4EC7-9E23-28A129D82296}.Debug|Any CPU.Deploy.0 = Debug|Any CPU
		{C7A70974-781F-4EC7-9E23-28A129D82296}.Debug|ARM.ActiveCfg = Debug|ARM
		{C7A70974-781F-4EC7-9E23-28A129D82296}.Debug|ARM.Build.0 = Debug|ARM
		{C7A70974-781F-4EC7-9E23-28A129D82296}.Debug|ARM.Deploy.0 = Debug|ARM
		{C7A70974-781F-4EC7-9E23-28A129D82296}.Debug|x64.ActiveCfg = Debug|Any CPU
		{C7A70974-781F-4EC7-9E23-28A129D82296}.Debug|x86.ActiveCfg = Debug|x86
		{C7A70974-781F-4EC7-9E23-28A129D82296}.Debug|x86.Build.0 = Debug|x86
		{C7A70974-781F-4EC7-9E23-28A129D82296}.Debug|x86.Deploy.0 = Debug|x86
		{C7A70974-781F-4EC7-9E23-28A129D82296}.Release|Any CPU.ActiveCfg = Release|Any CPU
		{C7A70974-781F-4EC7-9E23-28A129D82296}.Release|Any CPU.Build.0 = Release|Any CPU
		{C7A70974-781F-4EC7-9E23-28A129D82296}.Release|Any CPU.Deploy.0 = Release|Any CPU
		{C7A70974-781F-4EC7-9E23-28A129D82296}.Release|ARM.ActiveCfg = Release|ARM
		{C7A70974-781F-4EC7-9E23-28A129D82296}.Release|ARM.Build.0 = Release|ARM
		{C7A70974-781F-4EC7-9E23-28A129D82296}.Release|ARM.Deploy.0 = Release|ARM
		{C7A70974-781F-4EC7-9E23-28A129D82296}.Release|x64.ActiveCfg = Release|Any CPU
		{C7A70974-781F-4EC7-9E23-28A129D82296}.Release|x86.ActiveCfg = Release|x86
		{C7A70974-781F-4EC7-9E23-28A129D82296}.Release|x86.Build.0 = Release|x86
		{C7A70974-781F-4EC7-9E23-28A129D82296}.Release|x86.Deploy.0 = Release|x86
	EndGlobalSection
	GlobalSection(SolutionProperties) = preSolution
		HideSolutionNode = FALSE
	EndGlobalSection
	GlobalSection(NestedProjects) = preSolution
		{11290168-CD04-4390-B195-E044430D9EB7} = {57E544B9-778C-4E79-8C6E-3D717482852F}
		{6B20CC09-BA2F-412E-AB8F-15C7EC3506F0} = {57E544B9-778C-4E79-8C6E-3D717482852F}
		{C7A70974-781F-4EC7-9E23-28A129D82296} = {57E544B9-778C-4E79-8C6E-3D717482852F}
	EndGlobalSection
EndGlobal
