
Microsoft Visual Studio Solution File, Format Version 12.00
# Visual Studio 2013
VisualStudioVersion = 12.0.31101.0
MinimumVisualStudioVersion = 10.0.40219.1
Project("{FAE04EC0-301F-11D3-BF4B-00C04F79EFBC}") = "App1", "App1\App1.csproj", "{12BBB515-ECD9-4EC7-82DE-7E66D92CA0E1}"
EndProject
Project("{FAE04EC0-301F-11D3-BF4B-00C04F79EFBC}") = "App2", "App2\App2.csproj", "{2D77767D-164F-46AA-8FED-4A880B6A7A86}"
EndProject
Project("{2150E333-8FDC-42A3-9474-1A3956D46DE8}") = "App3", "App3", "{E7E215B8-0BBB-40A9-9A3E-F477069A5244}"
EndProject
Project("{D954291E-2A0B-460D-934E-DC6B0785DB48}") = "App3.Shared", "App3\App3.Shared\App3.Shared.shproj", "{11290168-CD04-4390-B195-E044430D9EB7}"
EndProject
Project("{FAE04EC0-301F-11D3-BF4B-00C04F79EFBC}") = "App3.Windows", "App3\App3.Windows\App3.Windows.csproj", "{6B20CC09-BA2F-412E-AB8F-15C7EC3506F0}"
EndProject
Project("{FAE04EC0-301F-11D3-BF4B-00C04F79EFBC}") = "App3.WindowsPhone", "App3\App3.WindowsPhone\App3.WindowsPhone.csproj", "{C7A70974-781F-4EC7-9E23-28A129D82296}"
EndProject
Project("{FAE04EC0-301F-11D3-BF4B-00C04F79EFBC}") = "PortableClassLibrary1", "PortableClassLibrary1\PortableClassLibrary1.csproj", "{0679A8BF-7E9E-479F-939C-33DC5E00D903}"
EndProject
Project("{FAE04EC0-301F-11D3-BF4B-00C04F79EFBC}") = "SilverlightClassLibrary1", "SilverlightClassLibrary1\SilverlightClassLibrary1.csproj", "{7B485A41-666A-42ED-94BD-FA1E42F6CB28}"
EndProject
Project("{FAE04EC0-301F-11D3-BF4B-00C04F79EFBC}") = "Net45ClassLibrary1", "Net45ClassLibrary1\Net45ClassLibrary1.csproj", "{60B6658A-E2D5-4C14-8CF0-C2729DCDE612}"
EndProject
Project("{FAE04EC0-301F-11D3-BF4B-00C04F79EFBC}") = "App4", "App4\App4\App4.csproj", "{2ABB8DF7-94D3-4D43-A695-4D05E8ED8E3B}"
EndProject
Project("{FAE04EC0-301F-11D3-BF4B-00C04F79EFBC}") = "App4.iOS", "App4\App4.iOS\App4.iOS.csproj", "{7C01751C-3093-46CA-8D66-C27DCAD29F78}"
EndProject
Project("{FAE04EC0-301F-11D3-BF4B-00C04F79EFBC}") = "App4.Droid", "App4\App4.Droid\App4.Droid.csproj", "{22D34599-CEC7-454C-9D73-C4DBCF2A447D}"
EndProject
Project("{FAE04EC0-301F-11D3-BF4B-00C04F79EFBC}") = "App4.WinPhone", "App4\App4.WinPhone\App4.WinPhone.csproj", "{A6E37114-07CC-49E8-8B6A-678215AED65B}"
EndProject
Project("{2150E333-8FDC-42A3-9474-1A3956D46DE8}") = "Xamarin.Forms", "Xamarin.Forms", "{20DA0B2F-10D3-48DA-88CE-EC80C1E4370A}"
EndProject
Project("{2150E333-8FDC-42A3-9474-1A3956D46DE8}") = "Portable", "Portable", "{87DECBB4-9721-41A0-B139-465BE07C36FB}"
EndProject
Global
	GlobalSection(SharedMSBuildProjectFiles) = preSolution
		App3\App3.Shared\App3.Shared.projitems*{c7a70974-781f-4ec7-9e23-28a129d82296}*SharedItemsImports = 4
		App3\App3.Shared\App3.Shared.projitems*{6b20cc09-ba2f-412e-ab8f-15c7ec3506f0}*SharedItemsImports = 4
		App3\App3.Shared\App3.Shared.projitems*{11290168-cd04-4390-b195-e044430d9eb7}*SharedItemsImports = 13
	EndGlobalSection
	GlobalSection(SolutionConfigurationPlatforms) = preSolution
		Ad-Hoc|Any CPU = Ad-Hoc|Any CPU
		Ad-Hoc|ARM = Ad-Hoc|ARM
		Ad-Hoc|iPhone = Ad-Hoc|iPhone
		Ad-Hoc|iPhoneSimulator = Ad-Hoc|iPhoneSimulator
		Ad-Hoc|Mixed Platforms = Ad-Hoc|Mixed Platforms
		Ad-Hoc|x64 = Ad-Hoc|x64
		Ad-Hoc|x86 = Ad-Hoc|x86
		AppStore|Any CPU = AppStore|Any CPU
		AppStore|ARM = AppStore|ARM
		AppStore|iPhone = AppStore|iPhone
		AppStore|iPhoneSimulator = AppStore|iPhoneSimulator
		AppStore|Mixed Platforms = AppStore|Mixed Platforms
		AppStore|x64 = AppStore|x64
		AppStore|x86 = AppStore|x86
		Debug|Any CPU = Debug|Any CPU
		Debug|ARM = Debug|ARM
		Debug|iPhone = Debug|iPhone
		Debug|iPhoneSimulator = Debug|iPhoneSimulator
		Debug|Mixed Platforms = Debug|Mixed Platforms
		Debug|x64 = Debug|x64
		Debug|x86 = Debug|x86
		Release|Any CPU = Release|Any CPU
		Release|ARM = Release|ARM
		Release|iPhone = Release|iPhone
		Release|iPhoneSimulator = Release|iPhoneSimulator
		Release|Mixed Platforms = Release|Mixed Platforms
		Release|x64 = Release|x64
		Release|x86 = Release|x86
	EndGlobalSection
	GlobalSection(ProjectConfigurationPlatforms) = postSolution
		{12BBB515-ECD9-4EC7-82DE-7E66D92CA0E1}.Ad-Hoc|Any CPU.ActiveCfg = Release|Any CPU
		{12BBB515-ECD9-4EC7-82DE-7E66D92CA0E1}.Ad-Hoc|Any CPU.Build.0 = Release|Any CPU
		{12BBB515-ECD9-4EC7-82DE-7E66D92CA0E1}.Ad-Hoc|Any CPU.Deploy.0 = Release|Any CPU
		{12BBB515-ECD9-4EC7-82DE-7E66D92CA0E1}.Ad-Hoc|ARM.ActiveCfg = Release|ARM
		{12BBB515-ECD9-4EC7-82DE-7E66D92CA0E1}.Ad-Hoc|ARM.Build.0 = Release|ARM
		{12BBB515-ECD9-4EC7-82DE-7E66D92CA0E1}.Ad-Hoc|ARM.Deploy.0 = Release|ARM
		{12BBB515-ECD9-4EC7-82DE-7E66D92CA0E1}.Ad-Hoc|iPhone.ActiveCfg = Release|Any CPU
		{12BBB515-ECD9-4EC7-82DE-7E66D92CA0E1}.Ad-Hoc|iPhoneSimulator.ActiveCfg = Release|Any CPU
		{12BBB515-ECD9-4EC7-82DE-7E66D92CA0E1}.Ad-Hoc|Mixed Platforms.ActiveCfg = Release|x86
		{12BBB515-ECD9-4EC7-82DE-7E66D92CA0E1}.Ad-Hoc|Mixed Platforms.Build.0 = Release|x86
		{12BBB515-ECD9-4EC7-82DE-7E66D92CA0E1}.Ad-Hoc|Mixed Platforms.Deploy.0 = Release|x86
		{12BBB515-ECD9-4EC7-82DE-7E66D92CA0E1}.Ad-Hoc|x64.ActiveCfg = Release|Any CPU
		{12BBB515-ECD9-4EC7-82DE-7E66D92CA0E1}.Ad-Hoc|x86.ActiveCfg = Release|x86
		{12BBB515-ECD9-4EC7-82DE-7E66D92CA0E1}.Ad-Hoc|x86.Build.0 = Release|x86
		{12BBB515-ECD9-4EC7-82DE-7E66D92CA0E1}.Ad-Hoc|x86.Deploy.0 = Release|x86
		{12BBB515-ECD9-4EC7-82DE-7E66D92CA0E1}.AppStore|Any CPU.ActiveCfg = Release|Any CPU
		{12BBB515-ECD9-4EC7-82DE-7E66D92CA0E1}.AppStore|Any CPU.Build.0 = Release|Any CPU
		{12BBB515-ECD9-4EC7-82DE-7E66D92CA0E1}.AppStore|Any CPU.Deploy.0 = Release|Any CPU
		{12BBB515-ECD9-4EC7-82DE-7E66D92CA0E1}.AppStore|ARM.ActiveCfg = Release|ARM
		{12BBB515-ECD9-4EC7-82DE-7E66D92CA0E1}.AppStore|ARM.Build.0 = Release|ARM
		{12BBB515-ECD9-4EC7-82DE-7E66D92CA0E1}.AppStore|ARM.Deploy.0 = Release|ARM
		{12BBB515-ECD9-4EC7-82DE-7E66D92CA0E1}.AppStore|iPhone.ActiveCfg = Release|Any CPU
		{12BBB515-ECD9-4EC7-82DE-7E66D92CA0E1}.AppStore|iPhoneSimulator.ActiveCfg = Release|Any CPU
		{12BBB515-ECD9-4EC7-82DE-7E66D92CA0E1}.AppStore|Mixed Platforms.ActiveCfg = Release|x86
		{12BBB515-ECD9-4EC7-82DE-7E66D92CA0E1}.AppStore|Mixed Platforms.Build.0 = Release|x86
		{12BBB515-ECD9-4EC7-82DE-7E66D92CA0E1}.AppStore|Mixed Platforms.Deploy.0 = Release|x86
		{12BBB515-ECD9-4EC7-82DE-7E66D92CA0E1}.AppStore|x64.ActiveCfg = Release|Any CPU
		{12BBB515-ECD9-4EC7-82DE-7E66D92CA0E1}.AppStore|x86.ActiveCfg = Release|x86
		{12BBB515-ECD9-4EC7-82DE-7E66D92CA0E1}.AppStore|x86.Build.0 = Release|x86
		{12BBB515-ECD9-4EC7-82DE-7E66D92CA0E1}.AppStore|x86.Deploy.0 = Release|x86
		{12BBB515-ECD9-4EC7-82DE-7E66D92CA0E1}.Debug|Any CPU.ActiveCfg = Debug|Any CPU
		{12BBB515-ECD9-4EC7-82DE-7E66D92CA0E1}.Debug|Any CPU.Build.0 = Debug|Any CPU
		{12BBB515-ECD9-4EC7-82DE-7E66D92CA0E1}.Debug|Any CPU.Deploy.0 = Debug|Any CPU
		{12BBB515-ECD9-4EC7-82DE-7E66D92CA0E1}.Debug|ARM.ActiveCfg = Debug|ARM
		{12BBB515-ECD9-4EC7-82DE-7E66D92CA0E1}.Debug|ARM.Build.0 = Debug|ARM
		{12BBB515-ECD9-4EC7-82DE-7E66D92CA0E1}.Debug|ARM.Deploy.0 = Debug|ARM
		{12BBB515-ECD9-4EC7-82DE-7E66D92CA0E1}.Debug|iPhone.ActiveCfg = Debug|Any CPU
		{12BBB515-ECD9-4EC7-82DE-7E66D92CA0E1}.Debug|iPhoneSimulator.ActiveCfg = Debug|Any CPU
		{12BBB515-ECD9-4EC7-82DE-7E66D92CA0E1}.Debug|Mixed Platforms.ActiveCfg = Debug|x86
		{12BBB515-ECD9-4EC7-82DE-7E66D92CA0E1}.Debug|Mixed Platforms.Build.0 = Debug|x86
		{12BBB515-ECD9-4EC7-82DE-7E66D92CA0E1}.Debug|Mixed Platforms.Deploy.0 = Debug|x86
		{12BBB515-ECD9-4EC7-82DE-7E66D92CA0E1}.Debug|x64.ActiveCfg = Debug|Any CPU
		{12BBB515-ECD9-4EC7-82DE-7E66D92CA0E1}.Debug|x86.ActiveCfg = Debug|x86
		{12BBB515-ECD9-4EC7-82DE-7E66D92CA0E1}.Debug|x86.Build.0 = Debug|x86
		{12BBB515-ECD9-4EC7-82DE-7E66D92CA0E1}.Debug|x86.Deploy.0 = Debug|x86
		{12BBB515-ECD9-4EC7-82DE-7E66D92CA0E1}.Release|Any CPU.ActiveCfg = Release|Any CPU
		{12BBB515-ECD9-4EC7-82DE-7E66D92CA0E1}.Release|Any CPU.Build.0 = Release|Any CPU
		{12BBB515-ECD9-4EC7-82DE-7E66D92CA0E1}.Release|Any CPU.Deploy.0 = Release|Any CPU
		{12BBB515-ECD9-4EC7-82DE-7E66D92CA0E1}.Release|ARM.ActiveCfg = Release|ARM
		{12BBB515-ECD9-4EC7-82DE-7E66D92CA0E1}.Release|ARM.Build.0 = Release|ARM
		{12BBB515-ECD9-4EC7-82DE-7E66D92CA0E1}.Release|ARM.Deploy.0 = Release|ARM
		{12BBB515-ECD9-4EC7-82DE-7E66D92CA0E1}.Release|iPhone.ActiveCfg = Release|Any CPU
		{12BBB515-ECD9-4EC7-82DE-7E66D92CA0E1}.Release|iPhoneSimulator.ActiveCfg = Release|Any CPU
		{12BBB515-ECD9-4EC7-82DE-7E66D92CA0E1}.Release|Mixed Platforms.ActiveCfg = Release|x86
		{12BBB515-ECD9-4EC7-82DE-7E66D92CA0E1}.Release|Mixed Platforms.Build.0 = Release|x86
		{12BBB515-ECD9-4EC7-82DE-7E66D92CA0E1}.Release|Mixed Platforms.Deploy.0 = Release|x86
		{12BBB515-ECD9-4EC7-82DE-7E66D92CA0E1}.Release|x64.ActiveCfg = Release|Any CPU
		{12BBB515-ECD9-4EC7-82DE-7E66D92CA0E1}.Release|x86.ActiveCfg = Release|x86
		{12BBB515-ECD9-4EC7-82DE-7E66D92CA0E1}.Release|x86.Build.0 = Release|x86
		{12BBB515-ECD9-4EC7-82DE-7E66D92CA0E1}.Release|x86.Deploy.0 = Release|x86
		{2D77767D-164F-46AA-8FED-4A880B6A7A86}.Ad-Hoc|Any CPU.ActiveCfg = Release|Any CPU
		{2D77767D-164F-46AA-8FED-4A880B6A7A86}.Ad-Hoc|Any CPU.Build.0 = Release|Any CPU
		{2D77767D-164F-46AA-8FED-4A880B6A7A86}.Ad-Hoc|Any CPU.Deploy.0 = Release|Any CPU
		{2D77767D-164F-46AA-8FED-4A880B6A7A86}.Ad-Hoc|ARM.ActiveCfg = Release|ARM
		{2D77767D-164F-46AA-8FED-4A880B6A7A86}.Ad-Hoc|ARM.Build.0 = Release|ARM
		{2D77767D-164F-46AA-8FED-4A880B6A7A86}.Ad-Hoc|ARM.Deploy.0 = Release|ARM
		{2D77767D-164F-46AA-8FED-4A880B6A7A86}.Ad-Hoc|iPhone.ActiveCfg = Release|Any CPU
		{2D77767D-164F-46AA-8FED-4A880B6A7A86}.Ad-Hoc|iPhoneSimulator.ActiveCfg = Release|Any CPU
		{2D77767D-164F-46AA-8FED-4A880B6A7A86}.Ad-Hoc|Mixed Platforms.ActiveCfg = Release|x86
		{2D77767D-164F-46AA-8FED-4A880B6A7A86}.Ad-Hoc|Mixed Platforms.Build.0 = Release|x86
		{2D77767D-164F-46AA-8FED-4A880B6A7A86}.Ad-Hoc|Mixed Platforms.Deploy.0 = Release|x86
		{2D77767D-164F-46AA-8FED-4A880B6A7A86}.Ad-Hoc|x64.ActiveCfg = Release|x64
		{2D77767D-164F-46AA-8FED-4A880B6A7A86}.Ad-Hoc|x64.Build.0 = Release|x64
		{2D77767D-164F-46AA-8FED-4A880B6A7A86}.Ad-Hoc|x64.Deploy.0 = Release|x64
		{2D77767D-164F-46AA-8FED-4A880B6A7A86}.Ad-Hoc|x86.ActiveCfg = Release|x86
		{2D77767D-164F-46AA-8FED-4A880B6A7A86}.Ad-Hoc|x86.Build.0 = Release|x86
		{2D77767D-164F-46AA-8FED-4A880B6A7A86}.Ad-Hoc|x86.Deploy.0 = Release|x86
		{2D77767D-164F-46AA-8FED-4A880B6A7A86}.AppStore|Any CPU.ActiveCfg = Release|Any CPU
		{2D77767D-164F-46AA-8FED-4A880B6A7A86}.AppStore|Any CPU.Build.0 = Release|Any CPU
		{2D77767D-164F-46AA-8FED-4A880B6A7A86}.AppStore|Any CPU.Deploy.0 = Release|Any CPU
		{2D77767D-164F-46AA-8FED-4A880B6A7A86}.AppStore|ARM.ActiveCfg = Release|ARM
		{2D77767D-164F-46AA-8FED-4A880B6A7A86}.AppStore|ARM.Build.0 = Release|ARM
		{2D77767D-164F-46AA-8FED-4A880B6A7A86}.AppStore|ARM.Deploy.0 = Release|ARM
		{2D77767D-164F-46AA-8FED-4A880B6A7A86}.AppStore|iPhone.ActiveCfg = Release|Any CPU
		{2D77767D-164F-46AA-8FED-4A880B6A7A86}.AppStore|iPhoneSimulator.ActiveCfg = Release|Any CPU
		{2D77767D-164F-46AA-8FED-4A880B6A7A86}.AppStore|Mixed Platforms.ActiveCfg = Release|x86
		{2D77767D-164F-46AA-8FED-4A880B6A7A86}.AppStore|Mixed Platforms.Build.0 = Release|x86
		{2D77767D-164F-46AA-8FED-4A880B6A7A86}.AppStore|Mixed Platforms.Deploy.0 = Release|x86
		{2D77767D-164F-46AA-8FED-4A880B6A7A86}.AppStore|x64.ActiveCfg = Release|x64
		{2D77767D-164F-46AA-8FED-4A880B6A7A86}.AppStore|x64.Build.0 = Release|x64
		{2D77767D-164F-46AA-8FED-4A880B6A7A86}.AppStore|x64.Deploy.0 = Release|x64
		{2D77767D-164F-46AA-8FED-4A880B6A7A86}.AppStore|x86.ActiveCfg = Release|x86
		{2D77767D-164F-46AA-8FED-4A880B6A7A86}.AppStore|x86.Build.0 = Release|x86
		{2D77767D-164F-46AA-8FED-4A880B6A7A86}.AppStore|x86.Deploy.0 = Release|x86
		{2D77767D-164F-46AA-8FED-4A880B6A7A86}.Debug|Any CPU.ActiveCfg = Debug|Any CPU
		{2D77767D-164F-46AA-8FED-4A880B6A7A86}.Debug|Any CPU.Build.0 = Debug|Any CPU
		{2D77767D-164F-46AA-8FED-4A880B6A7A86}.Debug|Any CPU.Deploy.0 = Debug|Any CPU
		{2D77767D-164F-46AA-8FED-4A880B6A7A86}.Debug|ARM.ActiveCfg = Debug|ARM
		{2D77767D-164F-46AA-8FED-4A880B6A7A86}.Debug|ARM.Build.0 = Debug|ARM
		{2D77767D-164F-46AA-8FED-4A880B6A7A86}.Debug|ARM.Deploy.0 = Debug|ARM
		{2D77767D-164F-46AA-8FED-4A880B6A7A86}.Debug|iPhone.ActiveCfg = Debug|Any CPU
		{2D77767D-164F-46AA-8FED-4A880B6A7A86}.Debug|iPhoneSimulator.ActiveCfg = Debug|Any CPU
		{2D77767D-164F-46AA-8FED-4A880B6A7A86}.Debug|Mixed Platforms.ActiveCfg = Debug|x86
		{2D77767D-164F-46AA-8FED-4A880B6A7A86}.Debug|Mixed Platforms.Build.0 = Debug|x86
		{2D77767D-164F-46AA-8FED-4A880B6A7A86}.Debug|Mixed Platforms.Deploy.0 = Debug|x86
		{2D77767D-164F-46AA-8FED-4A880B6A7A86}.Debug|x64.ActiveCfg = Debug|x64
		{2D77767D-164F-46AA-8FED-4A880B6A7A86}.Debug|x64.Build.0 = Debug|x64
		{2D77767D-164F-46AA-8FED-4A880B6A7A86}.Debug|x64.Deploy.0 = Debug|x64
		{2D77767D-164F-46AA-8FED-4A880B6A7A86}.Debug|x86.ActiveCfg = Debug|x86
		{2D77767D-164F-46AA-8FED-4A880B6A7A86}.Debug|x86.Build.0 = Debug|x86
		{2D77767D-164F-46AA-8FED-4A880B6A7A86}.Debug|x86.Deploy.0 = Debug|x86
		{2D77767D-164F-46AA-8FED-4A880B6A7A86}.Release|Any CPU.ActiveCfg = Release|Any CPU
		{2D77767D-164F-46AA-8FED-4A880B6A7A86}.Release|Any CPU.Build.0 = Release|Any CPU
		{2D77767D-164F-46AA-8FED-4A880B6A7A86}.Release|Any CPU.Deploy.0 = Release|Any CPU
		{2D77767D-164F-46AA-8FED-4A880B6A7A86}.Release|ARM.ActiveCfg = Release|ARM
		{2D77767D-164F-46AA-8FED-4A880B6A7A86}.Release|ARM.Build.0 = Release|ARM
		{2D77767D-164F-46AA-8FED-4A880B6A7A86}.Release|ARM.Deploy.0 = Release|ARM
		{2D77767D-164F-46AA-8FED-4A880B6A7A86}.Release|iPhone.ActiveCfg = Release|Any CPU
		{2D77767D-164F-46AA-8FED-4A880B6A7A86}.Release|iPhoneSimulator.ActiveCfg = Release|Any CPU
		{2D77767D-164F-46AA-8FED-4A880B6A7A86}.Release|Mixed Platforms.ActiveCfg = Release|x86
		{2D77767D-164F-46AA-8FED-4A880B6A7A86}.Release|Mixed Platforms.Build.0 = Release|x86
		{2D77767D-164F-46AA-8FED-4A880B6A7A86}.Release|Mixed Platforms.Deploy.0 = Release|x86
		{2D77767D-164F-46AA-8FED-4A880B6A7A86}.Release|x64.ActiveCfg = Release|x64
		{2D77767D-164F-46AA-8FED-4A880B6A7A86}.Release|x64.Build.0 = Release|x64
		{2D77767D-164F-46AA-8FED-4A880B6A7A86}.Release|x64.Deploy.0 = Release|x64
		{2D77767D-164F-46AA-8FED-4A880B6A7A86}.Release|x86.ActiveCfg = Release|x86
		{2D77767D-164F-46AA-8FED-4A880B6A7A86}.Release|x86.Build.0 = Release|x86
		{2D77767D-164F-46AA-8FED-4A880B6A7A86}.Release|x86.Deploy.0 = Release|x86
		{6B20CC09-BA2F-412E-AB8F-15C7EC3506F0}.Ad-Hoc|Any CPU.ActiveCfg = Release|Any CPU
		{6B20CC09-BA2F-412E-AB8F-15C7EC3506F0}.Ad-Hoc|Any CPU.Build.0 = Release|Any CPU
		{6B20CC09-BA2F-412E-AB8F-15C7EC3506F0}.Ad-Hoc|Any CPU.Deploy.0 = Release|Any CPU
		{6B20CC09-BA2F-412E-AB8F-15C7EC3506F0}.Ad-Hoc|ARM.ActiveCfg = Release|ARM
		{6B20CC09-BA2F-412E-AB8F-15C7EC3506F0}.Ad-Hoc|ARM.Build.0 = Release|ARM
		{6B20CC09-BA2F-412E-AB8F-15C7EC3506F0}.Ad-Hoc|ARM.Deploy.0 = Release|ARM
		{6B20CC09-BA2F-412E-AB8F-15C7EC3506F0}.Ad-Hoc|iPhone.ActiveCfg = Release|Any CPU
		{6B20CC09-BA2F-412E-AB8F-15C7EC3506F0}.Ad-Hoc|iPhoneSimulator.ActiveCfg = Release|Any CPU
		{6B20CC09-BA2F-412E-AB8F-15C7EC3506F0}.Ad-Hoc|Mixed Platforms.ActiveCfg = Release|x86
		{6B20CC09-BA2F-412E-AB8F-15C7EC3506F0}.Ad-Hoc|Mixed Platforms.Build.0 = Release|x86
		{6B20CC09-BA2F-412E-AB8F-15C7EC3506F0}.Ad-Hoc|Mixed Platforms.Deploy.0 = Release|x86
		{6B20CC09-BA2F-412E-AB8F-15C7EC3506F0}.Ad-Hoc|x64.ActiveCfg = Release|x64
		{6B20CC09-BA2F-412E-AB8F-15C7EC3506F0}.Ad-Hoc|x64.Build.0 = Release|x64
		{6B20CC09-BA2F-412E-AB8F-15C7EC3506F0}.Ad-Hoc|x64.Deploy.0 = Release|x64
		{6B20CC09-BA2F-412E-AB8F-15C7EC3506F0}.Ad-Hoc|x86.ActiveCfg = Release|x86
		{6B20CC09-BA2F-412E-AB8F-15C7EC3506F0}.Ad-Hoc|x86.Build.0 = Release|x86
		{6B20CC09-BA2F-412E-AB8F-15C7EC3506F0}.Ad-Hoc|x86.Deploy.0 = Release|x86
		{6B20CC09-BA2F-412E-AB8F-15C7EC3506F0}.AppStore|Any CPU.ActiveCfg = Release|Any CPU
		{6B20CC09-BA2F-412E-AB8F-15C7EC3506F0}.AppStore|Any CPU.Build.0 = Release|Any CPU
		{6B20CC09-BA2F-412E-AB8F-15C7EC3506F0}.AppStore|Any CPU.Deploy.0 = Release|Any CPU
		{6B20CC09-BA2F-412E-AB8F-15C7EC3506F0}.AppStore|ARM.ActiveCfg = Release|ARM
		{6B20CC09-BA2F-412E-AB8F-15C7EC3506F0}.AppStore|ARM.Build.0 = Release|ARM
		{6B20CC09-BA2F-412E-AB8F-15C7EC3506F0}.AppStore|ARM.Deploy.0 = Release|ARM
		{6B20CC09-BA2F-412E-AB8F-15C7EC3506F0}.AppStore|iPhone.ActiveCfg = Release|Any CPU
		{6B20CC09-BA2F-412E-AB8F-15C7EC3506F0}.AppStore|iPhoneSimulator.ActiveCfg = Release|Any CPU
		{6B20CC09-BA2F-412E-AB8F-15C7EC3506F0}.AppStore|Mixed Platforms.ActiveCfg = Release|x86
		{6B20CC09-BA2F-412E-AB8F-15C7EC3506F0}.AppStore|Mixed Platforms.Build.0 = Release|x86
		{6B20CC09-BA2F-412E-AB8F-15C7EC3506F0}.AppStore|Mixed Platforms.Deploy.0 = Release|x86
		{6B20CC09-BA2F-412E-AB8F-15C7EC3506F0}.AppStore|x64.ActiveCfg = Release|x64
		{6B20CC09-BA2F-412E-AB8F-15C7EC3506F0}.AppStore|x64.Build.0 = Release|x64
		{6B20CC09-BA2F-412E-AB8F-15C7EC3506F0}.AppStore|x64.Deploy.0 = Release|x64
		{6B20CC09-BA2F-412E-AB8F-15C7EC3506F0}.AppStore|x86.ActiveCfg = Release|x86
		{6B20CC09-BA2F-412E-AB8F-15C7EC3506F0}.AppStore|x86.Build.0 = Release|x86
		{6B20CC09-BA2F-412E-AB8F-15C7EC3506F0}.AppStore|x86.Deploy.0 = Release|x86
		{6B20CC09-BA2F-412E-AB8F-15C7EC3506F0}.Debug|Any CPU.ActiveCfg = Debug|Any CPU
		{6B20CC09-BA2F-412E-AB8F-15C7EC3506F0}.Debug|Any CPU.Build.0 = Debug|Any CPU
		{6B20CC09-BA2F-412E-AB8F-15C7EC3506F0}.Debug|Any CPU.Deploy.0 = Debug|Any CPU
		{6B20CC09-BA2F-412E-AB8F-15C7EC3506F0}.Debug|ARM.ActiveCfg = Debug|ARM
		{6B20CC09-BA2F-412E-AB8F-15C7EC3506F0}.Debug|ARM.Build.0 = Debug|ARM
		{6B20CC09-BA2F-412E-AB8F-15C7EC3506F0}.Debug|ARM.Deploy.0 = Debug|ARM
		{6B20CC09-BA2F-412E-AB8F-15C7EC3506F0}.Debug|iPhone.ActiveCfg = Debug|Any CPU
		{6B20CC09-BA2F-412E-AB8F-15C7EC3506F0}.Debug|iPhoneSimulator.ActiveCfg = Debug|Any CPU
		{6B20CC09-BA2F-412E-AB8F-15C7EC3506F0}.Debug|Mixed Platforms.ActiveCfg = Debug|x86
		{6B20CC09-BA2F-412E-AB8F-15C7EC3506F0}.Debug|Mixed Platforms.Build.0 = Debug|x86
		{6B20CC09-BA2F-412E-AB8F-15C7EC3506F0}.Debug|Mixed Platforms.Deploy.0 = Debug|x86
		{6B20CC09-BA2F-412E-AB8F-15C7EC3506F0}.Debug|x64.ActiveCfg = Debug|x64
		{6B20CC09-BA2F-412E-AB8F-15C7EC3506F0}.Debug|x64.Build.0 = Debug|x64
		{6B20CC09-BA2F-412E-AB8F-15C7EC3506F0}.Debug|x64.Deploy.0 = Debug|x64
		{6B20CC09-BA2F-412E-AB8F-15C7EC3506F0}.Debug|x86.ActiveCfg = Debug|x86
		{6B20CC09-BA2F-412E-AB8F-15C7EC3506F0}.Debug|x86.Build.0 = Debug|x86
		{6B20CC09-BA2F-412E-AB8F-15C7EC3506F0}.Debug|x86.Deploy.0 = Debug|x86
		{6B20CC09-BA2F-412E-AB8F-15C7EC3506F0}.Release|Any CPU.ActiveCfg = Release|Any CPU
		{6B20CC09-BA2F-412E-AB8F-15C7EC3506F0}.Release|Any CPU.Build.0 = Release|Any CPU
		{6B20CC09-BA2F-412E-AB8F-15C7EC3506F0}.Release|Any CPU.Deploy.0 = Release|Any CPU
		{6B20CC09-BA2F-412E-AB8F-15C7EC3506F0}.Release|ARM.ActiveCfg = Release|ARM
		{6B20CC09-BA2F-412E-AB8F-15C7EC3506F0}.Release|ARM.Build.0 = Release|ARM
		{6B20CC09-BA2F-412E-AB8F-15C7EC3506F0}.Release|ARM.Deploy.0 = Release|ARM
		{6B20CC09-BA2F-412E-AB8F-15C7EC3506F0}.Release|iPhone.ActiveCfg = Release|Any CPU
		{6B20CC09-BA2F-412E-AB8F-15C7EC3506F0}.Release|iPhoneSimulator.ActiveCfg = Release|Any CPU
		{6B20CC09-BA2F-412E-AB8F-15C7EC3506F0}.Release|Mixed Platforms.ActiveCfg = Release|x86
		{6B20CC09-BA2F-412E-AB8F-15C7EC3506F0}.Release|Mixed Platforms.Build.0 = Release|x86
		{6B20CC09-BA2F-412E-AB8F-15C7EC3506F0}.Release|Mixed Platforms.Deploy.0 = Release|x86
		{6B20CC09-BA2F-412E-AB8F-15C7EC3506F0}.Release|x64.ActiveCfg = Release|x64
		{6B20CC09-BA2F-412E-AB8F-15C7EC3506F0}.Release|x64.Build.0 = Release|x64
		{6B20CC09-BA2F-412E-AB8F-15C7EC3506F0}.Release|x64.Deploy.0 = Release|x64
		{6B20CC09-BA2F-412E-AB8F-15C7EC3506F0}.Release|x86.ActiveCfg = Release|x86
		{6B20CC09-BA2F-412E-AB8F-15C7EC3506F0}.Release|x86.Build.0 = Release|x86
		{6B20CC09-BA2F-412E-AB8F-15C7EC3506F0}.Release|x86.Deploy.0 = Release|x86
		{C7A70974-781F-4EC7-9E23-28A129D82296}.Ad-Hoc|Any CPU.ActiveCfg = Release|Any CPU
		{C7A70974-781F-4EC7-9E23-28A129D82296}.Ad-Hoc|Any CPU.Build.0 = Release|Any CPU
		{C7A70974-781F-4EC7-9E23-28A129D82296}.Ad-Hoc|Any CPU.Deploy.0 = Release|Any CPU
		{C7A70974-781F-4EC7-9E23-28A129D82296}.Ad-Hoc|ARM.ActiveCfg = Release|ARM
		{C7A70974-781F-4EC7-9E23-28A129D82296}.Ad-Hoc|ARM.Build.0 = Release|ARM
		{C7A70974-781F-4EC7-9E23-28A129D82296}.Ad-Hoc|ARM.Deploy.0 = Release|ARM
		{C7A70974-781F-4EC7-9E23-28A129D82296}.Ad-Hoc|iPhone.ActiveCfg = Release|Any CPU
		{C7A70974-781F-4EC7-9E23-28A129D82296}.Ad-Hoc|iPhoneSimulator.ActiveCfg = Release|Any CPU
		{C7A70974-781F-4EC7-9E23-28A129D82296}.Ad-Hoc|Mixed Platforms.ActiveCfg = Release|x86
		{C7A70974-781F-4EC7-9E23-28A129D82296}.Ad-Hoc|Mixed Platforms.Build.0 = Release|x86
		{C7A70974-781F-4EC7-9E23-28A129D82296}.Ad-Hoc|Mixed Platforms.Deploy.0 = Release|x86
		{C7A70974-781F-4EC7-9E23-28A129D82296}.Ad-Hoc|x64.ActiveCfg = Release|Any CPU
		{C7A70974-781F-4EC7-9E23-28A129D82296}.Ad-Hoc|x86.ActiveCfg = Release|x86
		{C7A70974-781F-4EC7-9E23-28A129D82296}.Ad-Hoc|x86.Build.0 = Release|x86
		{C7A70974-781F-4EC7-9E23-28A129D82296}.Ad-Hoc|x86.Deploy.0 = Release|x86
		{C7A70974-781F-4EC7-9E23-28A129D82296}.AppStore|Any CPU.ActiveCfg = Release|Any CPU
		{C7A70974-781F-4EC7-9E23-28A129D82296}.AppStore|Any CPU.Build.0 = Release|Any CPU
		{C7A70974-781F-4EC7-9E23-28A129D82296}.AppStore|Any CPU.Deploy.0 = Release|Any CPU
		{C7A70974-781F-4EC7-9E23-28A129D82296}.AppStore|ARM.ActiveCfg = Release|ARM
		{C7A70974-781F-4EC7-9E23-28A129D82296}.AppStore|ARM.Build.0 = Release|ARM
		{C7A70974-781F-4EC7-9E23-28A129D82296}.AppStore|ARM.Deploy.0 = Release|ARM
		{C7A70974-781F-4EC7-9E23-28A129D82296}.AppStore|iPhone.ActiveCfg = Release|Any CPU
		{C7A70974-781F-4EC7-9E23-28A129D82296}.AppStore|iPhoneSimulator.ActiveCfg = Release|Any CPU
		{C7A70974-781F-4EC7-9E23-28A129D82296}.AppStore|Mixed Platforms.ActiveCfg = Release|x86
		{C7A70974-781F-4EC7-9E23-28A129D82296}.AppStore|Mixed Platforms.Build.0 = Release|x86
		{C7A70974-781F-4EC7-9E23-28A129D82296}.AppStore|Mixed Platforms.Deploy.0 = Release|x86
		{C7A70974-781F-4EC7-9E23-28A129D82296}.AppStore|x64.ActiveCfg = Release|Any CPU
		{C7A70974-781F-4EC7-9E23-28A129D82296}.AppStore|x86.ActiveCfg = Release|x86
		{C7A70974-781F-4EC7-9E23-28A129D82296}.AppStore|x86.Build.0 = Release|x86
		{C7A70974-781F-4EC7-9E23-28A129D82296}.AppStore|x86.Deploy.0 = Release|x86
		{C7A70974-781F-4EC7-9E23-28A129D82296}.Debug|Any CPU.ActiveCfg = Debug|Any CPU
		{C7A70974-781F-4EC7-9E23-28A129D82296}.Debug|Any CPU.Build.0 = Debug|Any CPU
		{C7A70974-781F-4EC7-9E23-28A129D82296}.Debug|Any CPU.Deploy.0 = Debug|Any CPU
		{C7A70974-781F-4EC7-9E23-28A129D82296}.Debug|ARM.ActiveCfg = Debug|ARM
		{C7A70974-781F-4EC7-9E23-28A129D82296}.Debug|ARM.Build.0 = Debug|ARM
		{C7A70974-781F-4EC7-9E23-28A129D82296}.Debug|ARM.Deploy.0 = Debug|ARM
		{C7A70974-781F-4EC7-9E23-28A129D82296}.Debug|iPhone.ActiveCfg = Debug|Any CPU
		{C7A70974-781F-4EC7-9E23-28A129D82296}.Debug|iPhoneSimulator.ActiveCfg = Debug|Any CPU
		{C7A70974-781F-4EC7-9E23-28A129D82296}.Debug|Mixed Platforms.ActiveCfg = Debug|x86
		{C7A70974-781F-4EC7-9E23-28A129D82296}.Debug|Mixed Platforms.Build.0 = Debug|x86
		{C7A70974-781F-4EC7-9E23-28A129D82296}.Debug|Mixed Platforms.Deploy.0 = Debug|x86
		{C7A70974-781F-4EC7-9E23-28A129D82296}.Debug|x64.ActiveCfg = Debug|Any CPU
		{C7A70974-781F-4EC7-9E23-28A129D82296}.Debug|x86.ActiveCfg = Debug|x86
		{C7A70974-781F-4EC7-9E23-28A129D82296}.Debug|x86.Build.0 = Debug|x86
		{C7A70974-781F-4EC7-9E23-28A129D82296}.Debug|x86.Deploy.0 = Debug|x86
		{C7A70974-781F-4EC7-9E23-28A129D82296}.Release|Any CPU.ActiveCfg = Release|Any CPU
		{C7A70974-781F-4EC7-9E23-28A129D82296}.Release|Any CPU.Build.0 = Release|Any CPU
		{C7A70974-781F-4EC7-9E23-28A129D82296}.Release|Any CPU.Deploy.0 = Release|Any CPU
		{C7A70974-781F-4EC7-9E23-28A129D82296}.Release|ARM.ActiveCfg = Release|ARM
		{C7A70974-781F-4EC7-9E23-28A129D82296}.Release|ARM.Build.0 = Release|ARM
		{C7A70974-781F-4EC7-9E23-28A129D82296}.Release|ARM.Deploy.0 = Release|ARM
		{C7A70974-781F-4EC7-9E23-28A129D82296}.Release|iPhone.ActiveCfg = Release|Any CPU
		{C7A70974-781F-4EC7-9E23-28A129D82296}.Release|iPhoneSimulator.ActiveCfg = Release|Any CPU
		{C7A70974-781F-4EC7-9E23-28A129D82296}.Release|Mixed Platforms.ActiveCfg = Release|x86
		{C7A70974-781F-4EC7-9E23-28A129D82296}.Release|Mixed Platforms.Build.0 = Release|x86
		{C7A70974-781F-4EC7-9E23-28A129D82296}.Release|Mixed Platforms.Deploy.0 = Release|x86
		{C7A70974-781F-4EC7-9E23-28A129D82296}.Release|x64.ActiveCfg = Release|Any CPU
		{C7A70974-781F-4EC7-9E23-28A129D82296}.Release|x86.ActiveCfg = Release|x86
		{C7A70974-781F-4EC7-9E23-28A129D82296}.Release|x86.Build.0 = Release|x86
		{C7A70974-781F-4EC7-9E23-28A129D82296}.Release|x86.Deploy.0 = Release|x86
		{0679A8BF-7E9E-479F-939C-33DC5E00D903}.Ad-Hoc|Any CPU.ActiveCfg = Release|Any CPU
		{0679A8BF-7E9E-479F-939C-33DC5E00D903}.Ad-Hoc|Any CPU.Build.0 = Release|Any CPU
		{0679A8BF-7E9E-479F-939C-33DC5E00D903}.Ad-Hoc|ARM.ActiveCfg = Release|Any CPU
		{0679A8BF-7E9E-479F-939C-33DC5E00D903}.Ad-Hoc|iPhone.ActiveCfg = Release|Any CPU
		{0679A8BF-7E9E-479F-939C-33DC5E00D903}.Ad-Hoc|iPhoneSimulator.ActiveCfg = Release|Any CPU
		{0679A8BF-7E9E-479F-939C-33DC5E00D903}.Ad-Hoc|Mixed Platforms.ActiveCfg = Release|Any CPU
		{0679A8BF-7E9E-479F-939C-33DC5E00D903}.Ad-Hoc|Mixed Platforms.Build.0 = Release|Any CPU
		{0679A8BF-7E9E-479F-939C-33DC5E00D903}.Ad-Hoc|x64.ActiveCfg = Release|Any CPU
		{0679A8BF-7E9E-479F-939C-33DC5E00D903}.Ad-Hoc|x86.ActiveCfg = Release|Any CPU
		{0679A8BF-7E9E-479F-939C-33DC5E00D903}.AppStore|Any CPU.ActiveCfg = Release|Any CPU
		{0679A8BF-7E9E-479F-939C-33DC5E00D903}.AppStore|Any CPU.Build.0 = Release|Any CPU
		{0679A8BF-7E9E-479F-939C-33DC5E00D903}.AppStore|ARM.ActiveCfg = Release|Any CPU
		{0679A8BF-7E9E-479F-939C-33DC5E00D903}.AppStore|iPhone.ActiveCfg = Release|Any CPU
		{0679A8BF-7E9E-479F-939C-33DC5E00D903}.AppStore|iPhoneSimulator.ActiveCfg = Release|Any CPU
		{0679A8BF-7E9E-479F-939C-33DC5E00D903}.AppStore|Mixed Platforms.ActiveCfg = Release|Any CPU
		{0679A8BF-7E9E-479F-939C-33DC5E00D903}.AppStore|Mixed Platforms.Build.0 = Release|Any CPU
		{0679A8BF-7E9E-479F-939C-33DC5E00D903}.AppStore|x64.ActiveCfg = Release|Any CPU
		{0679A8BF-7E9E-479F-939C-33DC5E00D903}.AppStore|x86.ActiveCfg = Release|Any CPU
		{0679A8BF-7E9E-479F-939C-33DC5E00D903}.Debug|Any CPU.ActiveCfg = Debug|Any CPU
		{0679A8BF-7E9E-479F-939C-33DC5E00D903}.Debug|Any CPU.Build.0 = Debug|Any CPU
		{0679A8BF-7E9E-479F-939C-33DC5E00D903}.Debug|ARM.ActiveCfg = Debug|Any CPU
		{0679A8BF-7E9E-479F-939C-33DC5E00D903}.Debug|iPhone.ActiveCfg = Debug|Any CPU
		{0679A8BF-7E9E-479F-939C-33DC5E00D903}.Debug|iPhoneSimulator.ActiveCfg = Debug|Any CPU
		{0679A8BF-7E9E-479F-939C-33DC5E00D903}.Debug|Mixed Platforms.ActiveCfg = Debug|Any CPU
		{0679A8BF-7E9E-479F-939C-33DC5E00D903}.Debug|Mixed Platforms.Build.0 = Debug|Any CPU
		{0679A8BF-7E9E-479F-939C-33DC5E00D903}.Debug|x64.ActiveCfg = Debug|Any CPU
		{0679A8BF-7E9E-479F-939C-33DC5E00D903}.Debug|x86.ActiveCfg = Debug|Any CPU
		{0679A8BF-7E9E-479F-939C-33DC5E00D903}.Release|Any CPU.ActiveCfg = Release|Any CPU
		{0679A8BF-7E9E-479F-939C-33DC5E00D903}.Release|Any CPU.Build.0 = Release|Any CPU
		{0679A8BF-7E9E-479F-939C-33DC5E00D903}.Release|ARM.ActiveCfg = Release|Any CPU
		{0679A8BF-7E9E-479F-939C-33DC5E00D903}.Release|iPhone.ActiveCfg = Release|Any CPU
		{0679A8BF-7E9E-479F-939C-33DC5E00D903}.Release|iPhoneSimulator.ActiveCfg = Release|Any CPU
		{0679A8BF-7E9E-479F-939C-33DC5E00D903}.Release|Mixed Platforms.ActiveCfg = Release|Any CPU
		{0679A8BF-7E9E-479F-939C-33DC5E00D903}.Release|Mixed Platforms.Build.0 = Release|Any CPU
		{0679A8BF-7E9E-479F-939C-33DC5E00D903}.Release|x64.ActiveCfg = Release|Any CPU
		{0679A8BF-7E9E-479F-939C-33DC5E00D903}.Release|x86.ActiveCfg = Release|Any CPU
		{7B485A41-666A-42ED-94BD-FA1E42F6CB28}.Ad-Hoc|Any CPU.ActiveCfg = Release|Any CPU
		{7B485A41-666A-42ED-94BD-FA1E42F6CB28}.Ad-Hoc|Any CPU.Build.0 = Release|Any CPU
		{7B485A41-666A-42ED-94BD-FA1E42F6CB28}.Ad-Hoc|ARM.ActiveCfg = Release|Any CPU
		{7B485A41-666A-42ED-94BD-FA1E42F6CB28}.Ad-Hoc|iPhone.ActiveCfg = Release|Any CPU
		{7B485A41-666A-42ED-94BD-FA1E42F6CB28}.Ad-Hoc|iPhoneSimulator.ActiveCfg = Release|Any CPU
		{7B485A41-666A-42ED-94BD-FA1E42F6CB28}.Ad-Hoc|Mixed Platforms.ActiveCfg = Release|Any CPU
		{7B485A41-666A-42ED-94BD-FA1E42F6CB28}.Ad-Hoc|Mixed Platforms.Build.0 = Release|Any CPU
		{7B485A41-666A-42ED-94BD-FA1E42F6CB28}.Ad-Hoc|x64.ActiveCfg = Release|Any CPU
		{7B485A41-666A-42ED-94BD-FA1E42F6CB28}.Ad-Hoc|x86.ActiveCfg = Release|Any CPU
		{7B485A41-666A-42ED-94BD-FA1E42F6CB28}.AppStore|Any CPU.ActiveCfg = Release|Any CPU
		{7B485A41-666A-42ED-94BD-FA1E42F6CB28}.AppStore|Any CPU.Build.0 = Release|Any CPU
		{7B485A41-666A-42ED-94BD-FA1E42F6CB28}.AppStore|ARM.ActiveCfg = Release|Any CPU
		{7B485A41-666A-42ED-94BD-FA1E42F6CB28}.AppStore|iPhone.ActiveCfg = Release|Any CPU
		{7B485A41-666A-42ED-94BD-FA1E42F6CB28}.AppStore|iPhoneSimulator.ActiveCfg = Release|Any CPU
		{7B485A41-666A-42ED-94BD-FA1E42F6CB28}.AppStore|Mixed Platforms.ActiveCfg = Release|Any CPU
		{7B485A41-666A-42ED-94BD-FA1E42F6CB28}.AppStore|Mixed Platforms.Build.0 = Release|Any CPU
		{7B485A41-666A-42ED-94BD-FA1E42F6CB28}.AppStore|x64.ActiveCfg = Release|Any CPU
		{7B485A41-666A-42ED-94BD-FA1E42F6CB28}.AppStore|x86.ActiveCfg = Release|Any CPU
		{7B485A41-666A-42ED-94BD-FA1E42F6CB28}.Debug|Any CPU.ActiveCfg = Debug|Any CPU
		{7B485A41-666A-42ED-94BD-FA1E42F6CB28}.Debug|Any CPU.Build.0 = Debug|Any CPU
		{7B485A41-666A-42ED-94BD-FA1E42F6CB28}.Debug|ARM.ActiveCfg = Debug|Any CPU
		{7B485A41-666A-42ED-94BD-FA1E42F6CB28}.Debug|iPhone.ActiveCfg = Debug|Any CPU
		{7B485A41-666A-42ED-94BD-FA1E42F6CB28}.Debug|iPhoneSimulator.ActiveCfg = Debug|Any CPU
		{7B485A41-666A-42ED-94BD-FA1E42F6CB28}.Debug|Mixed Platforms.ActiveCfg = Debug|Any CPU
		{7B485A41-666A-42ED-94BD-FA1E42F6CB28}.Debug|Mixed Platforms.Build.0 = Debug|Any CPU
		{7B485A41-666A-42ED-94BD-FA1E42F6CB28}.Debug|x64.ActiveCfg = Debug|Any CPU
		{7B485A41-666A-42ED-94BD-FA1E42F6CB28}.Debug|x86.ActiveCfg = Debug|Any CPU
		{7B485A41-666A-42ED-94BD-FA1E42F6CB28}.Release|Any CPU.ActiveCfg = Release|Any CPU
		{7B485A41-666A-42ED-94BD-FA1E42F6CB28}.Release|Any CPU.Build.0 = Release|Any CPU
		{7B485A41-666A-42ED-94BD-FA1E42F6CB28}.Release|ARM.ActiveCfg = Release|Any CPU
		{7B485A41-666A-42ED-94BD-FA1E42F6CB28}.Release|iPhone.ActiveCfg = Release|Any CPU
		{7B485A41-666A-42ED-94BD-FA1E42F6CB28}.Release|iPhoneSimulator.ActiveCfg = Release|Any CPU
		{7B485A41-666A-42ED-94BD-FA1E42F6CB28}.Release|Mixed Platforms.ActiveCfg = Release|Any CPU
		{7B485A41-666A-42ED-94BD-FA1E42F6CB28}.Release|Mixed Platforms.Build.0 = Release|Any CPU
		{7B485A41-666A-42ED-94BD-FA1E42F6CB28}.Release|x64.ActiveCfg = Release|Any CPU
		{7B485A41-666A-42ED-94BD-FA1E42F6CB28}.Release|x86.ActiveCfg = Release|Any CPU
		{60B6658A-E2D5-4C14-8CF0-C2729DCDE612}.Ad-Hoc|Any CPU.ActiveCfg = Release|Any CPU
		{60B6658A-E2D5-4C14-8CF0-C2729DCDE612}.Ad-Hoc|Any CPU.Build.0 = Release|Any CPU
		{60B6658A-E2D5-4C14-8CF0-C2729DCDE612}.Ad-Hoc|ARM.ActiveCfg = Release|Any CPU
		{60B6658A-E2D5-4C14-8CF0-C2729DCDE612}.Ad-Hoc|iPhone.ActiveCfg = Release|Any CPU
		{60B6658A-E2D5-4C14-8CF0-C2729DCDE612}.Ad-Hoc|iPhoneSimulator.ActiveCfg = Release|Any CPU
		{60B6658A-E2D5-4C14-8CF0-C2729DCDE612}.Ad-Hoc|Mixed Platforms.ActiveCfg = Release|Any CPU
		{60B6658A-E2D5-4C14-8CF0-C2729DCDE612}.Ad-Hoc|Mixed Platforms.Build.0 = Release|Any CPU
		{60B6658A-E2D5-4C14-8CF0-C2729DCDE612}.Ad-Hoc|x64.ActiveCfg = Release|Any CPU
		{60B6658A-E2D5-4C14-8CF0-C2729DCDE612}.Ad-Hoc|x86.ActiveCfg = Release|Any CPU
		{60B6658A-E2D5-4C14-8CF0-C2729DCDE612}.AppStore|Any CPU.ActiveCfg = Release|Any CPU
		{60B6658A-E2D5-4C14-8CF0-C2729DCDE612}.AppStore|Any CPU.Build.0 = Release|Any CPU
		{60B6658A-E2D5-4C14-8CF0-C2729DCDE612}.AppStore|ARM.ActiveCfg = Release|Any CPU
		{60B6658A-E2D5-4C14-8CF0-C2729DCDE612}.AppStore|iPhone.ActiveCfg = Release|Any CPU
		{60B6658A-E2D5-4C14-8CF0-C2729DCDE612}.AppStore|iPhoneSimulator.ActiveCfg = Release|Any CPU
		{60B6658A-E2D5-4C14-8CF0-C2729DCDE612}.AppStore|Mixed Platforms.ActiveCfg = Release|Any CPU
		{60B6658A-E2D5-4C14-8CF0-C2729DCDE612}.AppStore|Mixed Platforms.Build.0 = Release|Any CPU
		{60B6658A-E2D5-4C14-8CF0-C2729DCDE612}.AppStore|x64.ActiveCfg = Release|Any CPU
		{60B6658A-E2D5-4C14-8CF0-C2729DCDE612}.AppStore|x86.ActiveCfg = Release|Any CPU
		{60B6658A-E2D5-4C14-8CF0-C2729DCDE612}.Debug|Any CPU.ActiveCfg = Debug|Any CPU
		{60B6658A-E2D5-4C14-8CF0-C2729DCDE612}.Debug|Any CPU.Build.0 = Debug|Any CPU
		{60B6658A-E2D5-4C14-8CF0-C2729DCDE612}.Debug|ARM.ActiveCfg = Debug|Any CPU
		{60B6658A-E2D5-4C14-8CF0-C2729DCDE612}.Debug|iPhone.ActiveCfg = Debug|Any CPU
		{60B6658A-E2D5-4C14-8CF0-C2729DCDE612}.Debug|iPhoneSimulator.ActiveCfg = Debug|Any CPU
		{60B6658A-E2D5-4C14-8CF0-C2729DCDE612}.Debug|Mixed Platforms.ActiveCfg = Debug|Any CPU
		{60B6658A-E2D5-4C14-8CF0-C2729DCDE612}.Debug|Mixed Platforms.Build.0 = Debug|Any CPU
		{60B6658A-E2D5-4C14-8CF0-C2729DCDE612}.Debug|x64.ActiveCfg = Debug|Any CPU
		{60B6658A-E2D5-4C14-8CF0-C2729DCDE612}.Debug|x86.ActiveCfg = Debug|Any CPU
		{60B6658A-E2D5-4C14-8CF0-C2729DCDE612}.Release|Any CPU.ActiveCfg = Release|Any CPU
		{60B6658A-E2D5-4C14-8CF0-C2729DCDE612}.Release|Any CPU.Build.0 = Release|Any CPU
		{60B6658A-E2D5-4C14-8CF0-C2729DCDE612}.Release|ARM.ActiveCfg = Release|Any CPU
		{60B6658A-E2D5-4C14-8CF0-C2729DCDE612}.Release|iPhone.ActiveCfg = Release|Any CPU
		{60B6658A-E2D5-4C14-8CF0-C2729DCDE612}.Release|iPhoneSimulator.ActiveCfg = Release|Any CPU
		{60B6658A-E2D5-4C14-8CF0-C2729DCDE612}.Release|Mixed Platforms.ActiveCfg = Release|Any CPU
		{60B6658A-E2D5-4C14-8CF0-C2729DCDE612}.Release|Mixed Platforms.Build.0 = Release|Any CPU
		{60B6658A-E2D5-4C14-8CF0-C2729DCDE612}.Release|x64.ActiveCfg = Release|Any CPU
		{60B6658A-E2D5-4C14-8CF0-C2729DCDE612}.Release|x86.ActiveCfg = Release|Any CPU
		{2ABB8DF7-94D3-4D43-A695-4D05E8ED8E3B}.Ad-Hoc|Any CPU.ActiveCfg = Release|Any CPU
		{2ABB8DF7-94D3-4D43-A695-4D05E8ED8E3B}.Ad-Hoc|Any CPU.Build.0 = Release|Any CPU
		{2ABB8DF7-94D3-4D43-A695-4D05E8ED8E3B}.Ad-Hoc|ARM.ActiveCfg = Release|Any CPU
		{2ABB8DF7-94D3-4D43-A695-4D05E8ED8E3B}.Ad-Hoc|iPhone.ActiveCfg = Release|Any CPU
		{2ABB8DF7-94D3-4D43-A695-4D05E8ED8E3B}.Ad-Hoc|iPhoneSimulator.ActiveCfg = Release|Any CPU
		{2ABB8DF7-94D3-4D43-A695-4D05E8ED8E3B}.Ad-Hoc|Mixed Platforms.ActiveCfg = Release|Any CPU
		{2ABB8DF7-94D3-4D43-A695-4D05E8ED8E3B}.Ad-Hoc|Mixed Platforms.Build.0 = Release|Any CPU
		{2ABB8DF7-94D3-4D43-A695-4D05E8ED8E3B}.Ad-Hoc|x64.ActiveCfg = Release|Any CPU
		{2ABB8DF7-94D3-4D43-A695-4D05E8ED8E3B}.Ad-Hoc|x86.ActiveCfg = Release|Any CPU
		{2ABB8DF7-94D3-4D43-A695-4D05E8ED8E3B}.AppStore|Any CPU.ActiveCfg = Release|Any CPU
		{2ABB8DF7-94D3-4D43-A695-4D05E8ED8E3B}.AppStore|Any CPU.Build.0 = Release|Any CPU
		{2ABB8DF7-94D3-4D43-A695-4D05E8ED8E3B}.AppStore|ARM.ActiveCfg = Release|Any CPU
		{2ABB8DF7-94D3-4D43-A695-4D05E8ED8E3B}.AppStore|iPhone.ActiveCfg = Release|Any CPU
		{2ABB8DF7-94D3-4D43-A695-4D05E8ED8E3B}.AppStore|iPhoneSimulator.ActiveCfg = Release|Any CPU
		{2ABB8DF7-94D3-4D43-A695-4D05E8ED8E3B}.AppStore|Mixed Platforms.ActiveCfg = Release|Any CPU
		{2ABB8DF7-94D3-4D43-A695-4D05E8ED8E3B}.AppStore|Mixed Platforms.Build.0 = Release|Any CPU
		{2ABB8DF7-94D3-4D43-A695-4D05E8ED8E3B}.AppStore|x64.ActiveCfg = Release|Any CPU
		{2ABB8DF7-94D3-4D43-A695-4D05E8ED8E3B}.AppStore|x86.ActiveCfg = Release|Any CPU
		{2ABB8DF7-94D3-4D43-A695-4D05E8ED8E3B}.Debug|Any CPU.ActiveCfg = Debug|Any CPU
		{2ABB8DF7-94D3-4D43-A695-4D05E8ED8E3B}.Debug|Any CPU.Build.0 = Debug|Any CPU
		{2ABB8DF7-94D3-4D43-A695-4D05E8ED8E3B}.Debug|ARM.ActiveCfg = Debug|Any CPU
		{2ABB8DF7-94D3-4D43-A695-4D05E8ED8E3B}.Debug|iPhone.ActiveCfg = Debug|Any CPU
		{2ABB8DF7-94D3-4D43-A695-4D05E8ED8E3B}.Debug|iPhoneSimulator.ActiveCfg = Debug|Any CPU
		{2ABB8DF7-94D3-4D43-A695-4D05E8ED8E3B}.Debug|Mixed Platforms.ActiveCfg = Debug|Any CPU
		{2ABB8DF7-94D3-4D43-A695-4D05E8ED8E3B}.Debug|Mixed Platforms.Build.0 = Debug|Any CPU
		{2ABB8DF7-94D3-4D43-A695-4D05E8ED8E3B}.Debug|x64.ActiveCfg = Debug|Any CPU
		{2ABB8DF7-94D3-4D43-A695-4D05E8ED8E3B}.Debug|x86.ActiveCfg = Debug|Any CPU
		{2ABB8DF7-94D3-4D43-A695-4D05E8ED8E3B}.Release|Any CPU.ActiveCfg = Release|Any CPU
		{2ABB8DF7-94D3-4D43-A695-4D05E8ED8E3B}.Release|Any CPU.Build.0 = Release|Any CPU
		{2ABB8DF7-94D3-4D43-A695-4D05E8ED8E3B}.Release|ARM.ActiveCfg = Release|Any CPU
		{2ABB8DF7-94D3-4D43-A695-4D05E8ED8E3B}.Release|iPhone.ActiveCfg = Release|Any CPU
		{2ABB8DF7-94D3-4D43-A695-4D05E8ED8E3B}.Release|iPhoneSimulator.ActiveCfg = Release|Any CPU
		{2ABB8DF7-94D3-4D43-A695-4D05E8ED8E3B}.Release|Mixed Platforms.ActiveCfg = Release|Any CPU
		{2ABB8DF7-94D3-4D43-A695-4D05E8ED8E3B}.Release|Mixed Platforms.Build.0 = Release|Any CPU
		{2ABB8DF7-94D3-4D43-A695-4D05E8ED8E3B}.Release|x64.ActiveCfg = Release|Any CPU
		{2ABB8DF7-94D3-4D43-A695-4D05E8ED8E3B}.Release|x86.ActiveCfg = Release|Any CPU
		{7C01751C-3093-46CA-8D66-C27DCAD29F78}.Ad-Hoc|Any CPU.ActiveCfg = Ad-Hoc|iPhone
		{7C01751C-3093-46CA-8D66-C27DCAD29F78}.Ad-Hoc|ARM.ActiveCfg = Ad-Hoc|iPhone
		{7C01751C-3093-46CA-8D66-C27DCAD29F78}.Ad-Hoc|iPhone.ActiveCfg = Ad-Hoc|iPhone
		{7C01751C-3093-46CA-8D66-C27DCAD29F78}.Ad-Hoc|iPhone.Build.0 = Ad-Hoc|iPhone
		{7C01751C-3093-46CA-8D66-C27DCAD29F78}.Ad-Hoc|iPhoneSimulator.ActiveCfg = Ad-Hoc|iPhoneSimulator
		{7C01751C-3093-46CA-8D66-C27DCAD29F78}.Ad-Hoc|iPhoneSimulator.Build.0 = Ad-Hoc|iPhoneSimulator
		{7C01751C-3093-46CA-8D66-C27DCAD29F78}.Ad-Hoc|Mixed Platforms.ActiveCfg = Ad-Hoc|iPhone
		{7C01751C-3093-46CA-8D66-C27DCAD29F78}.Ad-Hoc|Mixed Platforms.Build.0 = Ad-Hoc|iPhone
		{7C01751C-3093-46CA-8D66-C27DCAD29F78}.Ad-Hoc|x64.ActiveCfg = Ad-Hoc|iPhone
		{7C01751C-3093-46CA-8D66-C27DCAD29F78}.Ad-Hoc|x86.ActiveCfg = Ad-Hoc|iPhone
		{7C01751C-3093-46CA-8D66-C27DCAD29F78}.AppStore|Any CPU.ActiveCfg = AppStore|iPhone
		{7C01751C-3093-46CA-8D66-C27DCAD29F78}.AppStore|ARM.ActiveCfg = AppStore|iPhone
		{7C01751C-3093-46CA-8D66-C27DCAD29F78}.AppStore|iPhone.ActiveCfg = AppStore|iPhone
		{7C01751C-3093-46CA-8D66-C27DCAD29F78}.AppStore|iPhone.Build.0 = AppStore|iPhone
		{7C01751C-3093-46CA-8D66-C27DCAD29F78}.AppStore|iPhoneSimulator.ActiveCfg = AppStore|iPhoneSimulator
		{7C01751C-3093-46CA-8D66-C27DCAD29F78}.AppStore|iPhoneSimulator.Build.0 = AppStore|iPhoneSimulator
		{7C01751C-3093-46CA-8D66-C27DCAD29F78}.AppStore|Mixed Platforms.ActiveCfg = AppStore|iPhone
		{7C01751C-3093-46CA-8D66-C27DCAD29F78}.AppStore|Mixed Platforms.Build.0 = AppStore|iPhone
		{7C01751C-3093-46CA-8D66-C27DCAD29F78}.AppStore|x64.ActiveCfg = AppStore|iPhone
		{7C01751C-3093-46CA-8D66-C27DCAD29F78}.AppStore|x86.ActiveCfg = AppStore|iPhone
		{7C01751C-3093-46CA-8D66-C27DCAD29F78}.Debug|Any CPU.ActiveCfg = Debug|iPhone
		{7C01751C-3093-46CA-8D66-C27DCAD29F78}.Debug|ARM.ActiveCfg = Debug|iPhone
		{7C01751C-3093-46CA-8D66-C27DCAD29F78}.Debug|iPhone.ActiveCfg = Debug|iPhone
		{7C01751C-3093-46CA-8D66-C27DCAD29F78}.Debug|iPhone.Build.0 = Debug|iPhone
		{7C01751C-3093-46CA-8D66-C27DCAD29F78}.Debug|iPhoneSimulator.ActiveCfg = Debug|iPhoneSimulator
		{7C01751C-3093-46CA-8D66-C27DCAD29F78}.Debug|iPhoneSimulator.Build.0 = Debug|iPhoneSimulator
		{7C01751C-3093-46CA-8D66-C27DCAD29F78}.Debug|Mixed Platforms.ActiveCfg = Debug|iPhone
		{7C01751C-3093-46CA-8D66-C27DCAD29F78}.Debug|Mixed Platforms.Build.0 = Debug|iPhone
		{7C01751C-3093-46CA-8D66-C27DCAD29F78}.Debug|x64.ActiveCfg = Debug|iPhone
		{7C01751C-3093-46CA-8D66-C27DCAD29F78}.Debug|x86.ActiveCfg = Debug|iPhone
		{7C01751C-3093-46CA-8D66-C27DCAD29F78}.Release|Any CPU.ActiveCfg = Release|iPhone
		{7C01751C-3093-46CA-8D66-C27DCAD29F78}.Release|ARM.ActiveCfg = Release|iPhone
		{7C01751C-3093-46CA-8D66-C27DCAD29F78}.Release|iPhone.ActiveCfg = Release|iPhone
		{7C01751C-3093-46CA-8D66-C27DCAD29F78}.Release|iPhone.Build.0 = Release|iPhone
		{7C01751C-3093-46CA-8D66-C27DCAD29F78}.Release|iPhoneSimulator.ActiveCfg = Release|iPhoneSimulator
		{7C01751C-3093-46CA-8D66-C27DCAD29F78}.Release|iPhoneSimulator.Build.0 = Release|iPhoneSimulator
		{7C01751C-3093-46CA-8D66-C27DCAD29F78}.Release|Mixed Platforms.ActiveCfg = Release|iPhone
		{7C01751C-3093-46CA-8D66-C27DCAD29F78}.Release|Mixed Platforms.Build.0 = Release|iPhone
		{7C01751C-3093-46CA-8D66-C27DCAD29F78}.Release|x64.ActiveCfg = Release|iPhone
		{7C01751C-3093-46CA-8D66-C27DCAD29F78}.Release|x86.ActiveCfg = Release|iPhone
		{22D34599-CEC7-454C-9D73-C4DBCF2A447D}.Ad-Hoc|Any CPU.ActiveCfg = Release|Any CPU
		{22D34599-CEC7-454C-9D73-C4DBCF2A447D}.Ad-Hoc|Any CPU.Build.0 = Release|Any CPU
		{22D34599-CEC7-454C-9D73-C4DBCF2A447D}.Ad-Hoc|Any CPU.Deploy.0 = Release|Any CPU
		{22D34599-CEC7-454C-9D73-C4DBCF2A447D}.Ad-Hoc|ARM.ActiveCfg = Release|Any CPU
		{22D34599-CEC7-454C-9D73-C4DBCF2A447D}.Ad-Hoc|iPhone.ActiveCfg = Release|Any CPU
		{22D34599-CEC7-454C-9D73-C4DBCF2A447D}.Ad-Hoc|iPhoneSimulator.ActiveCfg = Release|Any CPU
		{22D34599-CEC7-454C-9D73-C4DBCF2A447D}.Ad-Hoc|Mixed Platforms.ActiveCfg = Release|Any CPU
		{22D34599-CEC7-454C-9D73-C4DBCF2A447D}.Ad-Hoc|Mixed Platforms.Build.0 = Release|Any CPU
		{22D34599-CEC7-454C-9D73-C4DBCF2A447D}.Ad-Hoc|Mixed Platforms.Deploy.0 = Release|Any CPU
		{22D34599-CEC7-454C-9D73-C4DBCF2A447D}.Ad-Hoc|x64.ActiveCfg = Release|Any CPU
		{22D34599-CEC7-454C-9D73-C4DBCF2A447D}.Ad-Hoc|x86.ActiveCfg = Release|Any CPU
		{22D34599-CEC7-454C-9D73-C4DBCF2A447D}.AppStore|Any CPU.ActiveCfg = Release|Any CPU
		{22D34599-CEC7-454C-9D73-C4DBCF2A447D}.AppStore|Any CPU.Build.0 = Release|Any CPU
		{22D34599-CEC7-454C-9D73-C4DBCF2A447D}.AppStore|Any CPU.Deploy.0 = Release|Any CPU
		{22D34599-CEC7-454C-9D73-C4DBCF2A447D}.AppStore|ARM.ActiveCfg = Release|Any CPU
		{22D34599-CEC7-454C-9D73-C4DBCF2A447D}.AppStore|iPhone.ActiveCfg = Release|Any CPU
		{22D34599-CEC7-454C-9D73-C4DBCF2A447D}.AppStore|iPhoneSimulator.ActiveCfg = Release|Any CPU
		{22D34599-CEC7-454C-9D73-C4DBCF2A447D}.AppStore|Mixed Platforms.ActiveCfg = Release|Any CPU
		{22D34599-CEC7-454C-9D73-C4DBCF2A447D}.AppStore|Mixed Platforms.Build.0 = Release|Any CPU
		{22D34599-CEC7-454C-9D73-C4DBCF2A447D}.AppStore|Mixed Platforms.Deploy.0 = Release|Any CPU
		{22D34599-CEC7-454C-9D73-C4DBCF2A447D}.AppStore|x64.ActiveCfg = Release|Any CPU
		{22D34599-CEC7-454C-9D73-C4DBCF2A447D}.AppStore|x86.ActiveCfg = Release|Any CPU
		{22D34599-CEC7-454C-9D73-C4DBCF2A447D}.Debug|Any CPU.ActiveCfg = Debug|Any CPU
		{22D34599-CEC7-454C-9D73-C4DBCF2A447D}.Debug|Any CPU.Build.0 = Debug|Any CPU
		{22D34599-CEC7-454C-9D73-C4DBCF2A447D}.Debug|Any CPU.Deploy.0 = Debug|Any CPU
		{22D34599-CEC7-454C-9D73-C4DBCF2A447D}.Debug|ARM.ActiveCfg = Debug|Any CPU
		{22D34599-CEC7-454C-9D73-C4DBCF2A447D}.Debug|iPhone.ActiveCfg = Debug|Any CPU
		{22D34599-CEC7-454C-9D73-C4DBCF2A447D}.Debug|iPhoneSimulator.ActiveCfg = Debug|Any CPU
		{22D34599-CEC7-454C-9D73-C4DBCF2A447D}.Debug|Mixed Platforms.ActiveCfg = Debug|Any CPU
		{22D34599-CEC7-454C-9D73-C4DBCF2A447D}.Debug|Mixed Platforms.Build.0 = Debug|Any CPU
		{22D34599-CEC7-454C-9D73-C4DBCF2A447D}.Debug|Mixed Platforms.Deploy.0 = Debug|Any CPU
		{22D34599-CEC7-454C-9D73-C4DBCF2A447D}.Debug|x64.ActiveCfg = Debug|Any CPU
		{22D34599-CEC7-454C-9D73-C4DBCF2A447D}.Debug|x86.ActiveCfg = Debug|Any CPU
		{22D34599-CEC7-454C-9D73-C4DBCF2A447D}.Release|Any CPU.ActiveCfg = Release|Any CPU
		{22D34599-CEC7-454C-9D73-C4DBCF2A447D}.Release|Any CPU.Build.0 = Release|Any CPU
		{22D34599-CEC7-454C-9D73-C4DBCF2A447D}.Release|Any CPU.Deploy.0 = Release|Any CPU
		{22D34599-CEC7-454C-9D73-C4DBCF2A447D}.Release|ARM.ActiveCfg = Release|Any CPU
		{22D34599-CEC7-454C-9D73-C4DBCF2A447D}.Release|iPhone.ActiveCfg = Release|Any CPU
		{22D34599-CEC7-454C-9D73-C4DBCF2A447D}.Release|iPhoneSimulator.ActiveCfg = Release|Any CPU
		{22D34599-CEC7-454C-9D73-C4DBCF2A447D}.Release|Mixed Platforms.ActiveCfg = Release|Any CPU
		{22D34599-CEC7-454C-9D73-C4DBCF2A447D}.Release|Mixed Platforms.Build.0 = Release|Any CPU
		{22D34599-CEC7-454C-9D73-C4DBCF2A447D}.Release|Mixed Platforms.Deploy.0 = Release|Any CPU
		{22D34599-CEC7-454C-9D73-C4DBCF2A447D}.Release|x64.ActiveCfg = Release|Any CPU
		{22D34599-CEC7-454C-9D73-C4DBCF2A447D}.Release|x86.ActiveCfg = Release|Any CPU
		{A6E37114-07CC-49E8-8B6A-678215AED65B}.Ad-Hoc|Any CPU.ActiveCfg = Release|Any CPU
		{A6E37114-07CC-49E8-8B6A-678215AED65B}.Ad-Hoc|Any CPU.Build.0 = Release|Any CPU
		{A6E37114-07CC-49E8-8B6A-678215AED65B}.Ad-Hoc|Any CPU.Deploy.0 = Release|Any CPU
		{A6E37114-07CC-49E8-8B6A-678215AED65B}.Ad-Hoc|ARM.ActiveCfg = Release|ARM
		{A6E37114-07CC-49E8-8B6A-678215AED65B}.Ad-Hoc|ARM.Build.0 = Release|ARM
		{A6E37114-07CC-49E8-8B6A-678215AED65B}.Ad-Hoc|ARM.Deploy.0 = Release|ARM
		{A6E37114-07CC-49E8-8B6A-678215AED65B}.Ad-Hoc|iPhone.ActiveCfg = Release|Any CPU
		{A6E37114-07CC-49E8-8B6A-678215AED65B}.Ad-Hoc|iPhoneSimulator.ActiveCfg = Release|Any CPU
		{A6E37114-07CC-49E8-8B6A-678215AED65B}.Ad-Hoc|Mixed Platforms.ActiveCfg = Release|x86
		{A6E37114-07CC-49E8-8B6A-678215AED65B}.Ad-Hoc|Mixed Platforms.Build.0 = Release|x86
		{A6E37114-07CC-49E8-8B6A-678215AED65B}.Ad-Hoc|Mixed Platforms.Deploy.0 = Release|x86
		{A6E37114-07CC-49E8-8B6A-678215AED65B}.Ad-Hoc|x64.ActiveCfg = Release|Any CPU
		{A6E37114-07CC-49E8-8B6A-678215AED65B}.Ad-Hoc|x86.ActiveCfg = Release|x86
		{A6E37114-07CC-49E8-8B6A-678215AED65B}.Ad-Hoc|x86.Build.0 = Release|x86
		{A6E37114-07CC-49E8-8B6A-678215AED65B}.Ad-Hoc|x86.Deploy.0 = Release|x86
		{A6E37114-07CC-49E8-8B6A-678215AED65B}.AppStore|Any CPU.ActiveCfg = Release|Any CPU
		{A6E37114-07CC-49E8-8B6A-678215AED65B}.AppStore|Any CPU.Build.0 = Release|Any CPU
		{A6E37114-07CC-49E8-8B6A-678215AED65B}.AppStore|Any CPU.Deploy.0 = Release|Any CPU
		{A6E37114-07CC-49E8-8B6A-678215AED65B}.AppStore|ARM.ActiveCfg = Release|ARM
		{A6E37114-07CC-49E8-8B6A-678215AED65B}.AppStore|ARM.Build.0 = Release|ARM
		{A6E37114-07CC-49E8-8B6A-678215AED65B}.AppStore|ARM.Deploy.0 = Release|ARM
		{A6E37114-07CC-49E8-8B6A-678215AED65B}.AppStore|iPhone.ActiveCfg = Release|Any CPU
		{A6E37114-07CC-49E8-8B6A-678215AED65B}.AppStore|iPhoneSimulator.ActiveCfg = Release|Any CPU
		{A6E37114-07CC-49E8-8B6A-678215AED65B}.AppStore|Mixed Platforms.ActiveCfg = Release|x86
		{A6E37114-07CC-49E8-8B6A-678215AED65B}.AppStore|Mixed Platforms.Build.0 = Release|x86
		{A6E37114-07CC-49E8-8B6A-678215AED65B}.AppStore|Mixed Platforms.Deploy.0 = Release|x86
		{A6E37114-07CC-49E8-8B6A-678215AED65B}.AppStore|x64.ActiveCfg = Release|Any CPU
		{A6E37114-07CC-49E8-8B6A-678215AED65B}.AppStore|x86.ActiveCfg = Release|x86
		{A6E37114-07CC-49E8-8B6A-678215AED65B}.AppStore|x86.Build.0 = Release|x86
		{A6E37114-07CC-49E8-8B6A-678215AED65B}.AppStore|x86.Deploy.0 = Release|x86
		{A6E37114-07CC-49E8-8B6A-678215AED65B}.Debug|Any CPU.ActiveCfg = Debug|Any CPU
		{A6E37114-07CC-49E8-8B6A-678215AED65B}.Debug|Any CPU.Build.0 = Debug|Any CPU
		{A6E37114-07CC-49E8-8B6A-678215AED65B}.Debug|Any CPU.Deploy.0 = Debug|Any CPU
		{A6E37114-07CC-49E8-8B6A-678215AED65B}.Debug|ARM.ActiveCfg = Debug|ARM
		{A6E37114-07CC-49E8-8B6A-678215AED65B}.Debug|ARM.Build.0 = Debug|ARM
		{A6E37114-07CC-49E8-8B6A-678215AED65B}.Debug|ARM.Deploy.0 = Debug|ARM
		{A6E37114-07CC-49E8-8B6A-678215AED65B}.Debug|iPhone.ActiveCfg = Debug|Any CPU
		{A6E37114-07CC-49E8-8B6A-678215AED65B}.Debug|iPhoneSimulator.ActiveCfg = Debug|Any CPU
		{A6E37114-07CC-49E8-8B6A-678215AED65B}.Debug|Mixed Platforms.ActiveCfg = Debug|x86
		{A6E37114-07CC-49E8-8B6A-678215AED65B}.Debug|Mixed Platforms.Build.0 = Debug|x86
		{A6E37114-07CC-49E8-8B6A-678215AED65B}.Debug|Mixed Platforms.Deploy.0 = Debug|x86
		{A6E37114-07CC-49E8-8B6A-678215AED65B}.Debug|x64.ActiveCfg = Debug|Any CPU
		{A6E37114-07CC-49E8-8B6A-678215AED65B}.Debug|x86.ActiveCfg = Debug|x86
		{A6E37114-07CC-49E8-8B6A-678215AED65B}.Debug|x86.Build.0 = Debug|x86
		{A6E37114-07CC-49E8-8B6A-678215AED65B}.Debug|x86.Deploy.0 = Debug|x86
		{A6E37114-07CC-49E8-8B6A-678215AED65B}.Release|Any CPU.ActiveCfg = Release|Any CPU
		{A6E37114-07CC-49E8-8B6A-678215AED65B}.Release|Any CPU.Build.0 = Release|Any CPU
		{A6E37114-07CC-49E8-8B6A-678215AED65B}.Release|Any CPU.Deploy.0 = Release|Any CPU
		{A6E37114-07CC-49E8-8B6A-678215AED65B}.Release|ARM.ActiveCfg = Release|ARM
		{A6E37114-07CC-49E8-8B6A-678215AED65B}.Release|ARM.Build.0 = Release|ARM
		{A6E37114-07CC-49E8-8B6A-678215AED65B}.Release|ARM.Deploy.0 = Release|ARM
		{A6E37114-07CC-49E8-8B6A-678215AED65B}.Release|iPhone.ActiveCfg = Release|Any CPU
		{A6E37114-07CC-49E8-8B6A-678215AED65B}.Release|iPhoneSimulator.ActiveCfg = Release|Any CPU
		{A6E37114-07CC-49E8-8B6A-678215AED65B}.Release|Mixed Platforms.ActiveCfg = Release|x86
		{A6E37114-07CC-49E8-8B6A-678215AED65B}.Release|Mixed Platforms.Build.0 = Release|x86
		{A6E37114-07CC-49E8-8B6A-678215AED65B}.Release|Mixed Platforms.Deploy.0 = Release|x86
		{A6E37114-07CC-49E8-8B6A-678215AED65B}.Release|x64.ActiveCfg = Release|Any CPU
		{A6E37114-07CC-49E8-8B6A-678215AED65B}.Release|x86.ActiveCfg = Release|x86
		{A6E37114-07CC-49E8-8B6A-678215AED65B}.Release|x86.Build.0 = Release|x86
		{A6E37114-07CC-49E8-8B6A-678215AED65B}.Release|x86.Deploy.0 = Release|x86
	EndGlobalSection
	GlobalSection(SolutionProperties) = preSolution
		HideSolutionNode = FALSE
	EndGlobalSection
	GlobalSection(NestedProjects) = preSolution
		{11290168-CD04-4390-B195-E044430D9EB7} = {E7E215B8-0BBB-40A9-9A3E-F477069A5244}
		{6B20CC09-BA2F-412E-AB8F-15C7EC3506F0} = {E7E215B8-0BBB-40A9-9A3E-F477069A5244}
		{C7A70974-781F-4EC7-9E23-28A129D82296} = {E7E215B8-0BBB-40A9-9A3E-F477069A5244}
		{0679A8BF-7E9E-479F-939C-33DC5E00D903} = {87DECBB4-9721-41A0-B139-465BE07C36FB}
		{7B485A41-666A-42ED-94BD-FA1E42F6CB28} = {87DECBB4-9721-41A0-B139-465BE07C36FB}
		{60B6658A-E2D5-4C14-8CF0-C2729DCDE612} = {87DECBB4-9721-41A0-B139-465BE07C36FB}
		{2ABB8DF7-94D3-4D43-A695-4D05E8ED8E3B} = {20DA0B2F-10D3-48DA-88CE-EC80C1E4370A}
		{7C01751C-3093-46CA-8D66-C27DCAD29F78} = {20DA0B2F-10D3-48DA-88CE-EC80C1E4370A}
		{22D34599-CEC7-454C-9D73-C4DBCF2A447D} = {20DA0B2F-10D3-48DA-88CE-EC80C1E4370A}
		{A6E37114-07CC-49E8-8B6A-678215AED65B} = {20DA0B2F-10D3-48DA-88CE-EC80C1E4370A}
	EndGlobalSection
EndGlobal
